PODS:
  - Alamofire (4.8.2)
  - BaiduMobStatCodeless (5.0.2)
  - Bugly (2.5.0)
  - DynamicBlurView (4.0.0)
  - MarqueeLabel (4.0.0)
  - MMMaterialDesignSpinner (0.2.5)
  - NotificationBannerSwift (2.2.2):
    - MarqueeLabel (~> 4.0.0)
    - SnapKit (~> 5.0.0)
  - SnapKit (5.0.0)
  - Spring (1.0.6)
  - SwiftDate (6.0.3)
  - SwiftyJSON (5.0.0)

DEPENDENCIES:
  - Alamofire (~> 4.5)
  - BaiduMobStatCodeless
  - Bugly
  - DynamicBlurView
  - MMMaterialDesignSpinner
  - NotificationBannerSwift
  - Spring (from `https://github.com/MengTo/Spring.git`)
  - SwiftDate
  - SwiftyJSON

SPEC REPOS:
  https://github.com/cocoapods/specs.git:
    - Alamofire
    - BaiduMobStatCodeless
    - Bugly
    - DynamicBlurView
    - MarqueeLabel
    - MMMaterialDesignSpinner
    - NotificationBannerSwift
    - SnapKit
    - SwiftDate
    - SwiftyJSON

EXTERNAL SOURCES:
  Spring:
    :git: https://github.com/MengTo/Spring.git

CHECKOUT OPTIONS:
  Spring:
    :commit: fafd0b2e8d4d46405bd86fa7ba84bb7f73a20b13
    :git: https://github.com/MengTo/Spring.git

SPEC CHECKSUMS:
  Alamofire: ae5c501addb7afdbb13687d7f2f722c78734c2d3
  BaiduMobStatCodeless: 8f786558168e5af04c7dab92d0f314ca9f043007
  Bugly: 3ca9f255c01025582df26f9222893b383c7e4b4e
  DynamicBlurView: ccf9acd2b20c883cc2c72e3524a04d8d3ee20533
  MarqueeLabel: b55b26e690b6ad41faedd95cbf5eae6f1d1735b4
  MMMaterialDesignSpinner: a548042720c2e5f04212048483085d7942ac3e81
  NotificationBannerSwift: 2d46cc1b4a0ebf4372baef383f2a2ca82bf0c235
  SnapKit: fd22d10eb9aff484d79a8724eab922c1ddf89bcf
  Spring: 3d113f14575ef79aec9c5f906dfa4f5001c03254
  SwiftDate: 8d4f14bf1ef68e95094511504856547bf9e3e1a6
  SwiftyJSON: 36413e04c44ee145039d332b4f4e2d3e8d6c4db7

PODFILE CHECKSUM: 0ce7c943bd375428f5164db1310b3d9e9017be0b

COCOAPODS: 1.7.1
