// !$*UTF8*$!
{
	archiveVersion = 1;
	classes = {
	};
	objectVersion = 60;
	objects = {

/* Begin PBXBuildFile section */
		0A15ED4A1FBABE4D00D2E4DA /* UIFont+DV.swift in Sources */ = {isa = PBXBuildFile; fileRef = 0A15ED491FBABE4D00D2E4DA /* UIFont+DV.swift */; };
		0A15ED4C1FBABE6700D2E4DA /* UILabel+DV.swift in Sources */ = {isa = PBXBuildFile; fileRef = 0A15ED4B1FBABE6700D2E4DA /* UILabel+DV.swift */; };
		0A15ED4E1FBABE8400D2E4DA /* UITextView+DV.swift in Sources */ = {isa = PBXBuildFile; fileRef = 0A15ED4D1FBABE8400D2E4DA /* UITextView+DV.swift */; };
		0A15ED501FBABEA500D2E4DA /* UIView+DV.swift in Sources */ = {isa = PBXBuildFile; fileRef = 0A15ED4F1FBABEA500D2E4DA /* UIView+DV.swift */; };
		1CAF37BADA75BA2E69A87A16 /* BibleDatabase.swift in Sources */ = {isa = PBXBuildFile; fileRef = B833D40B4CADF0357C6981F6 /* BibleDatabase.swift */; };
		29820E89AEB33AC31BF3480B /* NotificationBannerSwift in Frameworks */ = {isa = PBXBuildFile; productRef = 35AC1A2D028454E3E4683CF9 /* NotificationBannerSwift */; };
		40DECE5EF5C78E081D993E68 /* SwiftDate in Frameworks */ = {isa = PBXBuildFile; productRef = BFCFD05556CD036DBE5F9631 /* SwiftDate */; };
		6AC215BC1F39C47A97EB86FB /* DynamicBlurView in Frameworks */ = {isa = PBXBuildFile; productRef = 8605E0B323A79B198EF57522 /* DynamicBlurView */; };
		6D8CBD74A4E560B28EE94FF7 /* Spring in Frameworks */ = {isa = PBXBuildFile; productRef = 3B7D0227CE2DD9EC4165AE94 /* Spring */; };
		7D3F44825AAC218C22B6C066 /* bible.sqlite in Resources */ = {isa = PBXBuildFile; fileRef = A33BCE4BCD7E07E0391809E2 /* bible.sqlite */; };
		A0B8BF2D572F896AE741857A /* BibleDatabase.swift in Sources */ = {isa = PBXBuildFile; fileRef = B833D40B4CADF0357C6981F6 /* BibleDatabase.swift */; };
		A3D520A9CBB2C917538A48E5 /* bible.sqlite in Resources */ = {isa = PBXBuildFile; fileRef = A33BCE4BCD7E07E0391809E2 /* bible.sqlite */; };
		F9082A521FB8583E00F1DC15 /* NotificationCenter.framework in Frameworks */ = {isa = PBXBuildFile; fileRef = F9082A511FB8583E00F1DC15 /* NotificationCenter.framework */; };
		F9082A551FB8583E00F1DC15 /* TodayViewController.swift in Sources */ = {isa = PBXBuildFile; fileRef = F9082A541FB8583E00F1DC15 /* TodayViewController.swift */; };
		F9082A581FB8583E00F1DC15 /* MainInterface.storyboard in Resources */ = {isa = PBXBuildFile; fileRef = F9082A561FB8583E00F1DC15 /* MainInterface.storyboard */; };
		F9082A5C1FB8583E00F1DC15 /* Extension.appex in Embed App Extensions */ = {isa = PBXBuildFile; fileRef = F9082A501FB8583E00F1DC15 /* Extension.appex */; settings = {ATTRIBUTES = (RemoveHeadersOnCopy, ); }; };
		F908D2931FB8A3E6002CEEAD /* ChapterCell.swift in Sources */ = {isa = PBXBuildFile; fileRef = F908D2921FB8A3E6002CEEAD /* ChapterCell.swift */; };
		F924C03B1FBAB3E4008B105F /* InfoPlist.strings in Resources */ = {isa = PBXBuildFile; fileRef = F924C03D1FBAB3E4008B105F /* InfoPlist.strings */; };
		F94AB5C62009B8F2006BBF98 /* MyFunctions.swift in Sources */ = {isa = PBXBuildFile; fileRef = F94AB5C52009B8F2006BBF98 /* MyFunctions.swift */; };
		F98819A622D4548100BCB099 /* GBig.swift in Sources */ = {isa = PBXBuildFile; fileRef = F98819A522D4548100BCB099 /* GBig.swift */; };
		F9B1538322BD2EB400B9DEF5 /* UIColor+Additions.swift in Sources */ = {isa = PBXBuildFile; fileRef = F9B1538222BD2EB400B9DEF5 /* UIColor+Additions.swift */; };
		F9E45F761FB7A54B005DE498 /* AppDelegate.swift in Sources */ = {isa = PBXBuildFile; fileRef = F9E45F751FB7A54B005DE498 /* AppDelegate.swift */; };
		F9E45F781FB7A54B005DE498 /* ViewController.swift in Sources */ = {isa = PBXBuildFile; fileRef = F9E45F771FB7A54B005DE498 /* ViewController.swift */; };
		F9E45F7B1FB7A54B005DE498 /* Main.storyboard in Resources */ = {isa = PBXBuildFile; fileRef = F9E45F791FB7A54B005DE498 /* Main.storyboard */; };
		F9E45F7D1FB7A54B005DE498 /* Assets.xcassets in Resources */ = {isa = PBXBuildFile; fileRef = F9E45F7C1FB7A54B005DE498 /* Assets.xcassets */; };
		F9E45F801FB7A54B005DE498 /* LaunchScreen.storyboard in Resources */ = {isa = PBXBuildFile; fileRef = F9E45F7E1FB7A54B005DE498 /* LaunchScreen.storyboard */; };
		F9FB0CE91FB898B900EAB646 /* SectionCell.swift in Sources */ = {isa = PBXBuildFile; fileRef = F9FB0CE81FB898B900EAB646 /* SectionCell.swift */; };
		FA18B37375BE328180976042 /* MMMaterialDesignSpinner in Frameworks */ = {isa = PBXBuildFile; productRef = AC3AC2A9C3095F932632357F /* MMMaterialDesignSpinner */; };
/* End PBXBuildFile section */

/* Begin PBXContainerItemProxy section */
		F9082A5A1FB8583E00F1DC15 /* PBXContainerItemProxy */ = {
			isa = PBXContainerItemProxy;
			containerPortal = F9E45F6A1FB7A54B005DE498 /* Project object */;
			proxyType = 1;
			remoteGlobalIDString = F9082A4F1FB8583E00F1DC15;
			remoteInfo = Extension;
		};
/* End PBXContainerItemProxy section */

/* Begin PBXCopyFilesBuildPhase section */
		F9082A601FB8583E00F1DC15 /* Embed App Extensions */ = {
			isa = PBXCopyFilesBuildPhase;
			buildActionMask = 2147483647;
			dstPath = "";
			dstSubfolderSpec = 13;
			files = (
				F9082A5C1FB8583E00F1DC15 /* Extension.appex in Embed App Extensions */,
			);
			name = "Embed App Extensions";
			runOnlyForDeploymentPostprocessing = 0;
		};
/* End PBXCopyFilesBuildPhase section */

/* Begin PBXFileReference section */
		0A15ED491FBABE4D00D2E4DA /* UIFont+DV.swift */ = {isa = PBXFileReference; lastKnownFileType = sourcecode.swift; path = "UIFont+DV.swift"; sourceTree = "<group>"; };
		0A15ED4B1FBABE6700D2E4DA /* UILabel+DV.swift */ = {isa = PBXFileReference; lastKnownFileType = sourcecode.swift; path = "UILabel+DV.swift"; sourceTree = "<group>"; };
		0A15ED4D1FBABE8400D2E4DA /* UITextView+DV.swift */ = {isa = PBXFileReference; lastKnownFileType = sourcecode.swift; path = "UITextView+DV.swift"; sourceTree = "<group>"; };
		0A15ED4F1FBABEA500D2E4DA /* UIView+DV.swift */ = {isa = PBXFileReference; lastKnownFileType = sourcecode.swift; path = "UIView+DV.swift"; sourceTree = "<group>"; };
		A33BCE4BCD7E07E0391809E2 /* bible.sqlite */ = {isa = PBXFileReference; includeInIndex = 1; path = bible.sqlite; sourceTree = "<group>"; };
		B833D40B4CADF0357C6981F6 /* BibleDatabase.swift */ = {isa = PBXFileReference; includeInIndex = 1; lastKnownFileType = sourcecode.swift; path = BibleDatabase.swift; sourceTree = "<group>"; };
		F9082A491FB848F700F1DC15 /* zh-Hant */ = {isa = PBXFileReference; lastKnownFileType = text.plist.strings; name = "zh-Hant"; path = "zh-Hant.lproj/Main.strings"; sourceTree = "<group>"; };
		F9082A4B1FB848F900F1DC15 /* zh-Hans */ = {isa = PBXFileReference; lastKnownFileType = text.plist.strings; name = "zh-Hans"; path = "zh-Hans.lproj/Main.strings"; sourceTree = "<group>"; };
		F9082A501FB8583E00F1DC15 /* Extension.appex */ = {isa = PBXFileReference; explicitFileType = "wrapper.app-extension"; includeInIndex = 0; path = Extension.appex; sourceTree = BUILT_PRODUCTS_DIR; };
		F9082A511FB8583E00F1DC15 /* NotificationCenter.framework */ = {isa = PBXFileReference; lastKnownFileType = wrapper.framework; name = NotificationCenter.framework; path = System/Library/Frameworks/NotificationCenter.framework; sourceTree = SDKROOT; };
		F9082A541FB8583E00F1DC15 /* TodayViewController.swift */ = {isa = PBXFileReference; lastKnownFileType = sourcecode.swift; path = TodayViewController.swift; sourceTree = "<group>"; };
		F9082A571FB8583E00F1DC15 /* Base */ = {isa = PBXFileReference; lastKnownFileType = file.storyboard; name = Base; path = Base.lproj/MainInterface.storyboard; sourceTree = "<group>"; };
		F9082A591FB8583E00F1DC15 /* Info.plist */ = {isa = PBXFileReference; lastKnownFileType = text.plist.xml; path = Info.plist; sourceTree = "<group>"; };
		F908D2921FB8A3E6002CEEAD /* ChapterCell.swift */ = {isa = PBXFileReference; lastKnownFileType = sourcecode.swift; path = ChapterCell.swift; sourceTree = "<group>"; };
		F924C03C1FBAB3E4008B105F /* en */ = {isa = PBXFileReference; lastKnownFileType = text.plist.strings; name = en; path = en.lproj/InfoPlist.strings; sourceTree = "<group>"; };
		F924C03E1FBAB3E8008B105F /* zh-Hant */ = {isa = PBXFileReference; lastKnownFileType = text.plist.strings; name = "zh-Hant"; path = "zh-Hant.lproj/InfoPlist.strings"; sourceTree = "<group>"; };
		F924C03F1FBAB3E8008B105F /* zh-Hans */ = {isa = PBXFileReference; lastKnownFileType = text.plist.strings; name = "zh-Hans"; path = "zh-Hans.lproj/InfoPlist.strings"; sourceTree = "<group>"; };
		F94AB5C52009B8F2006BBF98 /* MyFunctions.swift */ = {isa = PBXFileReference; lastKnownFileType = sourcecode.swift; path = MyFunctions.swift; sourceTree = "<group>"; };
		F98819A522D4548100BCB099 /* GBig.swift */ = {isa = PBXFileReference; lastKnownFileType = sourcecode.swift; path = GBig.swift; sourceTree = "<group>"; };
		F9B1538222BD2EB400B9DEF5 /* UIColor+Additions.swift */ = {isa = PBXFileReference; fileEncoding = 4; lastKnownFileType = sourcecode.swift; path = "UIColor+Additions.swift"; sourceTree = "<group>"; };
		F9E45F721FB7A54B005DE498 /* dailyVerse.app */ = {isa = PBXFileReference; explicitFileType = wrapper.application; includeInIndex = 0; path = dailyVerse.app; sourceTree = BUILT_PRODUCTS_DIR; };
		F9E45F751FB7A54B005DE498 /* AppDelegate.swift */ = {isa = PBXFileReference; lastKnownFileType = sourcecode.swift; path = AppDelegate.swift; sourceTree = "<group>"; };
		F9E45F771FB7A54B005DE498 /* ViewController.swift */ = {isa = PBXFileReference; lastKnownFileType = sourcecode.swift; path = ViewController.swift; sourceTree = "<group>"; };
		F9E45F7A1FB7A54B005DE498 /* Base */ = {isa = PBXFileReference; lastKnownFileType = file.storyboard; name = Base; path = Base.lproj/Main.storyboard; sourceTree = "<group>"; };
		F9E45F7C1FB7A54B005DE498 /* Assets.xcassets */ = {isa = PBXFileReference; lastKnownFileType = folder.assetcatalog; path = Assets.xcassets; sourceTree = "<group>"; };
		F9E45F7F1FB7A54B005DE498 /* Base */ = {isa = PBXFileReference; lastKnownFileType = file.storyboard; name = Base; path = Base.lproj/LaunchScreen.storyboard; sourceTree = "<group>"; };
		F9E45F811FB7A54B005DE498 /* Info.plist */ = {isa = PBXFileReference; lastKnownFileType = text.plist.xml; path = Info.plist; sourceTree = "<group>"; };
		F9ED80B81FB80CCD00D8CC70 /* zh-Hans */ = {isa = PBXFileReference; lastKnownFileType = text.plist.strings; name = "zh-Hans"; path = "zh-Hans.lproj/LaunchScreen.strings"; sourceTree = "<group>"; };
		F9ED80BA1FB80CF700D8CC70 /* zh-Hant */ = {isa = PBXFileReference; lastKnownFileType = text.plist.strings; name = "zh-Hant"; path = "zh-Hant.lproj/LaunchScreen.strings"; sourceTree = "<group>"; };
		F9FB0CE81FB898B900EAB646 /* SectionCell.swift */ = {isa = PBXFileReference; lastKnownFileType = sourcecode.swift; path = SectionCell.swift; sourceTree = "<group>"; };
/* End PBXFileReference section */

/* Begin PBXFrameworksBuildPhase section */
		F9082A4D1FB8583E00F1DC15 /* Frameworks */ = {
			isa = PBXFrameworksBuildPhase;
			buildActionMask = 2147483647;
			files = (
				F9082A521FB8583E00F1DC15 /* NotificationCenter.framework in Frameworks */,
			);
			runOnlyForDeploymentPostprocessing = 0;
		};
		F9E45F6F1FB7A54B005DE498 /* Frameworks */ = {
			isa = PBXFrameworksBuildPhase;
			buildActionMask = 2147483647;
			files = (
				40DECE5EF5C78E081D993E68 /* SwiftDate in Frameworks */,
				6D8CBD74A4E560B28EE94FF7 /* Spring in Frameworks */,
				6AC215BC1F39C47A97EB86FB /* DynamicBlurView in Frameworks */,
				29820E89AEB33AC31BF3480B /* NotificationBannerSwift in Frameworks */,
				FA18B37375BE328180976042 /* MMMaterialDesignSpinner in Frameworks */,
			);
			runOnlyForDeploymentPostprocessing = 0;
		};
/* End PBXFrameworksBuildPhase section */

/* Begin PBXGroup section */
		0A15ED461FBABDE000D2E4DA /* DVExtension */ = {
			isa = PBXGroup;
			children = (
				F9B1538222BD2EB400B9DEF5 /* UIColor+Additions.swift */,
				0A15ED491FBABE4D00D2E4DA /* UIFont+DV.swift */,
				0A15ED4B1FBABE6700D2E4DA /* UILabel+DV.swift */,
				0A15ED4D1FBABE8400D2E4DA /* UITextView+DV.swift */,
				0A15ED4F1FBABEA500D2E4DA /* UIView+DV.swift */,
			);
			path = DVExtension;
			sourceTree = "<group>";
		};
		C53A089FC94CF999D15FF292 /* Frameworks */ = {
			isa = PBXGroup;
			children = (
				F9082A511FB8583E00F1DC15 /* NotificationCenter.framework */,
			);
			name = Frameworks;
			sourceTree = "<group>";
		};
		C9784822CB7DA74E84838201 /* Resources */ = {
			isa = PBXGroup;
			children = (
				A33BCE4BCD7E07E0391809E2 /* bible.sqlite */,
			);
			name = Resources;
			path = Resources;
			sourceTree = "<group>";
		};
		F9082A531FB8583E00F1DC15 /* Extension */ = {
			isa = PBXGroup;
			children = (
				F9082A541FB8583E00F1DC15 /* TodayViewController.swift */,
				F9082A561FB8583E00F1DC15 /* MainInterface.storyboard */,
				F9082A591FB8583E00F1DC15 /* Info.plist */,
			);
			path = Extension;
			sourceTree = "<group>";
		};
		F94AB5C72009B8FA006BBF98 /* Functions */ = {
			isa = PBXGroup;
			children = (
				F94AB5C52009B8F2006BBF98 /* MyFunctions.swift */,
				F98819A522D4548100BCB099 /* GBig.swift */,
			);
			path = Functions;
			sourceTree = "<group>";
		};
		F9E45F691FB7A54B005DE498 = {
			isa = PBXGroup;
			children = (
				F9E45F741FB7A54B005DE498 /* dailyVerse */,
				F9082A531FB8583E00F1DC15 /* Extension */,
				F9E45F731FB7A54B005DE498 /* Products */,
				C53A089FC94CF999D15FF292 /* Frameworks */,
			);
			sourceTree = "<group>";
		};
		F9E45F731FB7A54B005DE498 /* Products */ = {
			isa = PBXGroup;
			children = (
				F9E45F721FB7A54B005DE498 /* dailyVerse.app */,
				F9082A501FB8583E00F1DC15 /* Extension.appex */,
			);
			name = Products;
			sourceTree = "<group>";
		};
		F9E45F741FB7A54B005DE498 /* dailyVerse */ = {
			isa = PBXGroup;
			children = (
				F94AB5C72009B8FA006BBF98 /* Functions */,
				0A15ED461FBABDE000D2E4DA /* DVExtension */,
				F9E45F751FB7A54B005DE498 /* AppDelegate.swift */,
				F9E45F771FB7A54B005DE498 /* ViewController.swift */,
				F924C03D1FBAB3E4008B105F /* InfoPlist.strings */,
				F9E45F791FB7A54B005DE498 /* Main.storyboard */,
				F9FB0CE81FB898B900EAB646 /* SectionCell.swift */,
				F908D2921FB8A3E6002CEEAD /* ChapterCell.swift */,
				F9E45F7C1FB7A54B005DE498 /* Assets.xcassets */,
				F9E45F7E1FB7A54B005DE498 /* LaunchScreen.storyboard */,
				F9E45F811FB7A54B005DE498 /* Info.plist */,
				C9784822CB7DA74E84838201 /* Resources */,
				B833D40B4CADF0357C6981F6 /* BibleDatabase.swift */,
			);
			path = dailyVerse;
			sourceTree = "<group>";
		};
/* End PBXGroup section */

/* Begin PBXNativeTarget section */
		F9082A4F1FB8583E00F1DC15 /* Extension */ = {
			isa = PBXNativeTarget;
			buildConfigurationList = F9082A5F1FB8583E00F1DC15 /* Build configuration list for PBXNativeTarget "Extension" */;
			buildPhases = (
				F9082A4C1FB8583E00F1DC15 /* Sources */,
				F9082A4D1FB8583E00F1DC15 /* Frameworks */,
				F9082A4E1FB8583E00F1DC15 /* Resources */,
			);
			buildRules = (
			);
			dependencies = (
			);
			name = Extension;
			productName = Extension;
			productReference = F9082A501FB8583E00F1DC15 /* Extension.appex */;
			productType = "com.apple.product-type.app-extension";
		};
		F9E45F711FB7A54B005DE498 /* dailyVerse */ = {
			isa = PBXNativeTarget;
			buildConfigurationList = F9E45F841FB7A54B005DE498 /* Build configuration list for PBXNativeTarget "dailyVerse" */;
			buildPhases = (
				F9E45F6E1FB7A54B005DE498 /* Sources */,
				F9E45F6F1FB7A54B005DE498 /* Frameworks */,
				F9E45F701FB7A54B005DE498 /* Resources */,
				F9082A601FB8583E00F1DC15 /* Embed App Extensions */,
			);
			buildRules = (
			);
			dependencies = (
				F9082A5B1FB8583E00F1DC15 /* PBXTargetDependency */,
			);
			name = dailyVerse;
			packageProductDependencies = (
				BFCFD05556CD036DBE5F9631 /* SwiftDate */,
				3B7D0227CE2DD9EC4165AE94 /* Spring */,
				8605E0B323A79B198EF57522 /* DynamicBlurView */,
				35AC1A2D028454E3E4683CF9 /* NotificationBannerSwift */,
				AC3AC2A9C3095F932632357F /* MMMaterialDesignSpinner */,
			);
			productName = dailyVerse;
			productReference = F9E45F721FB7A54B005DE498 /* dailyVerse.app */;
			productType = "com.apple.product-type.application";
		};
/* End PBXNativeTarget section */

/* Begin PBXProject section */
		F9E45F6A1FB7A54B005DE498 /* Project object */ = {
			isa = PBXProject;
			attributes = {
				LastSwiftUpdateCheck = 0910;
				LastUpgradeCheck = 0930;
				ORGANIZATIONNAME = "庫倪";
				TargetAttributes = {
					F9082A4F1FB8583E00F1DC15 = {
						CreatedOnToolsVersion = 9.1;
						LastSwiftMigration = 1020;
						ProvisioningStyle = Automatic;
					};
					F9E45F711FB7A54B005DE498 = {
						CreatedOnToolsVersion = 9.1;
						LastSwiftMigration = 1020;
						ProvisioningStyle = Automatic;
					};
				};
			};
			buildConfigurationList = F9E45F6D1FB7A54B005DE498 /* Build configuration list for PBXProject "dailyVerse" */;
			compatibilityVersion = "Xcode 8.0";
			developmentRegion = en;
			hasScannedForEncodings = 0;
			knownRegions = (
				en,
				Base,
				"zh-Hant",
				"zh-Hans",
			);
			mainGroup = F9E45F691FB7A54B005DE498;
			packageReferences = (
				6A70C492F0540A942BDFA3F9 /* XCLocalSwiftPackageReference "DailyVerseDependencies" */,
			);
			productRefGroup = F9E45F731FB7A54B005DE498 /* Products */;
			projectDirPath = "";
			projectRoot = "";
			targets = (
				F9E45F711FB7A54B005DE498 /* dailyVerse */,
				F9082A4F1FB8583E00F1DC15 /* Extension */,
			);
		};
/* End PBXProject section */

/* Begin PBXResourcesBuildPhase section */
		F9082A4E1FB8583E00F1DC15 /* Resources */ = {
			isa = PBXResourcesBuildPhase;
			buildActionMask = 2147483647;
			files = (
				F9082A581FB8583E00F1DC15 /* MainInterface.storyboard in Resources */,
				A3D520A9CBB2C917538A48E5 /* bible.sqlite in Resources */,
			);
			runOnlyForDeploymentPostprocessing = 0;
		};
		F9E45F701FB7A54B005DE498 /* Resources */ = {
			isa = PBXResourcesBuildPhase;
			buildActionMask = 2147483647;
			files = (
				F9E45F801FB7A54B005DE498 /* LaunchScreen.storyboard in Resources */,
				F924C03B1FBAB3E4008B105F /* InfoPlist.strings in Resources */,
				F9E45F7D1FB7A54B005DE498 /* Assets.xcassets in Resources */,
				F9E45F7B1FB7A54B005DE498 /* Main.storyboard in Resources */,
				7D3F44825AAC218C22B6C066 /* bible.sqlite in Resources */,
			);
			runOnlyForDeploymentPostprocessing = 0;
		};
/* End PBXResourcesBuildPhase section */

/* Begin PBXSourcesBuildPhase section */
		F9082A4C1FB8583E00F1DC15 /* Sources */ = {
			isa = PBXSourcesBuildPhase;
			buildActionMask = 2147483647;
			files = (
				F9082A551FB8583E00F1DC15 /* TodayViewController.swift in Sources */,
				A0B8BF2D572F896AE741857A /* BibleDatabase.swift in Sources */,
			);
			runOnlyForDeploymentPostprocessing = 0;
		};
		F9E45F6E1FB7A54B005DE498 /* Sources */ = {
			isa = PBXSourcesBuildPhase;
			buildActionMask = 2147483647;
			files = (
				F9FB0CE91FB898B900EAB646 /* SectionCell.swift in Sources */,
				0A15ED4E1FBABE8400D2E4DA /* UITextView+DV.swift in Sources */,
				0A15ED4C1FBABE6700D2E4DA /* UILabel+DV.swift in Sources */,
				0A15ED4A1FBABE4D00D2E4DA /* UIFont+DV.swift in Sources */,
				F9B1538322BD2EB400B9DEF5 /* UIColor+Additions.swift in Sources */,
				F9E45F781FB7A54B005DE498 /* ViewController.swift in Sources */,
				0A15ED501FBABEA500D2E4DA /* UIView+DV.swift in Sources */,
				F98819A622D4548100BCB099 /* GBig.swift in Sources */,
				F9E45F761FB7A54B005DE498 /* AppDelegate.swift in Sources */,
				F908D2931FB8A3E6002CEEAD /* ChapterCell.swift in Sources */,
				F94AB5C62009B8F2006BBF98 /* MyFunctions.swift in Sources */,
				1CAF37BADA75BA2E69A87A16 /* BibleDatabase.swift in Sources */,
			);
			runOnlyForDeploymentPostprocessing = 0;
		};
/* End PBXSourcesBuildPhase section */

/* Begin PBXTargetDependency section */
		F9082A5B1FB8583E00F1DC15 /* PBXTargetDependency */ = {
			isa = PBXTargetDependency;
			target = F9082A4F1FB8583E00F1DC15 /* Extension */;
			targetProxy = F9082A5A1FB8583E00F1DC15 /* PBXContainerItemProxy */;
		};
/* End PBXTargetDependency section */

/* Begin PBXVariantGroup section */
		F9082A561FB8583E00F1DC15 /* MainInterface.storyboard */ = {
			isa = PBXVariantGroup;
			children = (
				F9082A571FB8583E00F1DC15 /* Base */,
			);
			name = MainInterface.storyboard;
			sourceTree = "<group>";
		};
		F924C03D1FBAB3E4008B105F /* InfoPlist.strings */ = {
			isa = PBXVariantGroup;
			children = (
				F924C03C1FBAB3E4008B105F /* en */,
				F924C03E1FBAB3E8008B105F /* zh-Hant */,
				F924C03F1FBAB3E8008B105F /* zh-Hans */,
			);
			name = InfoPlist.strings;
			sourceTree = "<group>";
		};
		F9E45F791FB7A54B005DE498 /* Main.storyboard */ = {
			isa = PBXVariantGroup;
			children = (
				F9E45F7A1FB7A54B005DE498 /* Base */,
				F9082A491FB848F700F1DC15 /* zh-Hant */,
				F9082A4B1FB848F900F1DC15 /* zh-Hans */,
			);
			name = Main.storyboard;
			sourceTree = "<group>";
		};
		F9E45F7E1FB7A54B005DE498 /* LaunchScreen.storyboard */ = {
			isa = PBXVariantGroup;
			children = (
				F9E45F7F1FB7A54B005DE498 /* Base */,
				F9ED80B81FB80CCD00D8CC70 /* zh-Hans */,
				F9ED80BA1FB80CF700D8CC70 /* zh-Hant */,
			);
			name = LaunchScreen.storyboard;
			sourceTree = "<group>";
		};
/* End PBXVariantGroup section */

/* Begin XCBuildConfiguration section */
		F9082A5D1FB8583E00F1DC15 /* Debug */ = {
			isa = XCBuildConfiguration;
			buildSettings = {
				CODE_SIGN_IDENTITY = "iPhone Developer";
				CODE_SIGN_STYLE = Automatic;
				CURRENT_PROJECT_VERSION = 65;
				DEVELOPMENT_TEAM = WQY45CL427;
				INFOPLIST_FILE = Extension/Info.plist;
				IPHONEOS_DEPLOYMENT_TARGET = 12.0;
				LD_RUNPATH_SEARCH_PATHS = (
					"$(inherited)",
					"@executable_path/Frameworks",
					"@executable_path/../../Frameworks",
				);
				MARKETING_VERSION = 1.50;
				OTHER_LDFLAGS = (
					"$(inherited)",
					"-lsqlite3",
				);
				PRODUCT_BUNDLE_IDENTIFIER = com.qoli.dailyVerse.Extension;
				PRODUCT_NAME = "$(TARGET_NAME)";
				PROVISIONING_PROFILE_SPECIFIER = "";
				SKIP_INSTALL = YES;
				SWIFT_VERSION = 5.0;
				TARGETED_DEVICE_FAMILY = 1;
			};
			name = Debug;
		};
		F9082A5E1FB8583E00F1DC15 /* Release */ = {
			isa = XCBuildConfiguration;
			buildSettings = {
				CODE_SIGN_IDENTITY = "iPhone Developer";
				CODE_SIGN_STYLE = Automatic;
				CURRENT_PROJECT_VERSION = 65;
				DEVELOPMENT_TEAM = WQY45CL427;
				INFOPLIST_FILE = Extension/Info.plist;
				IPHONEOS_DEPLOYMENT_TARGET = 12.0;
				LD_RUNPATH_SEARCH_PATHS = (
					"$(inherited)",
					"@executable_path/Frameworks",
					"@executable_path/../../Frameworks",
				);
				MARKETING_VERSION = 1.50;
				OTHER_LDFLAGS = (
					"$(inherited)",
					"-lsqlite3",
				);
				PRODUCT_BUNDLE_IDENTIFIER = com.qoli.dailyVerse.Extension;
				PRODUCT_NAME = "$(TARGET_NAME)";
				PROVISIONING_PROFILE_SPECIFIER = "";
				SKIP_INSTALL = YES;
				SWIFT_VERSION = 5.0;
				TARGETED_DEVICE_FAMILY = 1;
			};
			name = Release;
		};
		F9E45F821FB7A54B005DE498 /* Debug */ = {
			isa = XCBuildConfiguration;
			buildSettings = {
				ALWAYS_SEARCH_USER_PATHS = NO;
				CLANG_ANALYZER_LOCALIZABILITY_NONLOCALIZED = YES;
				CLANG_ANALYZER_NONNULL = YES;
				CLANG_ANALYZER_NUMBER_OBJECT_CONVERSION = YES_AGGRESSIVE;
				CLANG_CXX_LANGUAGE_STANDARD = "gnu++14";
				CLANG_CXX_LIBRARY = "libc++";
				CLANG_ENABLE_MODULES = YES;
				CLANG_ENABLE_OBJC_ARC = YES;
				CLANG_WARN_BLOCK_CAPTURE_AUTORELEASING = YES;
				CLANG_WARN_BOOL_CONVERSION = YES;
				CLANG_WARN_COMMA = YES;
				CLANG_WARN_CONSTANT_CONVERSION = YES;
				CLANG_WARN_DEPRECATED_OBJC_IMPLEMENTATIONS = YES;
				CLANG_WARN_DIRECT_OBJC_ISA_USAGE = YES_ERROR;
				CLANG_WARN_DOCUMENTATION_COMMENTS = YES;
				CLANG_WARN_EMPTY_BODY = YES;
				CLANG_WARN_ENUM_CONVERSION = YES;
				CLANG_WARN_INFINITE_RECURSION = YES;
				CLANG_WARN_INT_CONVERSION = YES;
				CLANG_WARN_NON_LITERAL_NULL_CONVERSION = YES;
				CLANG_WARN_OBJC_IMPLICIT_RETAIN_SELF = YES;
				CLANG_WARN_OBJC_LITERAL_CONVERSION = YES;
				CLANG_WARN_OBJC_ROOT_CLASS = YES_ERROR;
				CLANG_WARN_RANGE_LOOP_ANALYSIS = YES;
				CLANG_WARN_STRICT_PROTOTYPES = YES;
				CLANG_WARN_SUSPICIOUS_MOVE = YES;
				CLANG_WARN_UNGUARDED_AVAILABILITY = YES_AGGRESSIVE;
				CLANG_WARN_UNREACHABLE_CODE = YES;
				CLANG_WARN__DUPLICATE_METHOD_MATCH = YES;
				CODE_SIGN_IDENTITY = "iPhone Developer";
				COPY_PHASE_STRIP = NO;
				DEBUG_INFORMATION_FORMAT = dwarf;
				ENABLE_STRICT_OBJC_MSGSEND = YES;
				ENABLE_TESTABILITY = YES;
				GCC_C_LANGUAGE_STANDARD = gnu11;
				GCC_DYNAMIC_NO_PIC = NO;
				GCC_NO_COMMON_BLOCKS = YES;
				GCC_OPTIMIZATION_LEVEL = 0;
				GCC_PREPROCESSOR_DEFINITIONS = (
					"DEBUG=1",
					"$(inherited)",
				);
				GCC_WARN_64_TO_32_BIT_CONVERSION = YES;
				GCC_WARN_ABOUT_RETURN_TYPE = YES_ERROR;
				GCC_WARN_UNDECLARED_SELECTOR = YES;
				GCC_WARN_UNINITIALIZED_AUTOS = YES_AGGRESSIVE;
				GCC_WARN_UNUSED_FUNCTION = YES;
				GCC_WARN_UNUSED_VARIABLE = YES;
				IPHONEOS_DEPLOYMENT_TARGET = 12.0;
				MTL_ENABLE_DEBUG_INFO = YES;
				ONLY_ACTIVE_ARCH = YES;
				SDKROOT = iphoneos;
				SWIFT_ACTIVE_COMPILATION_CONDITIONS = DEBUG;
				SWIFT_OPTIMIZATION_LEVEL = "-Onone";
				SWIFT_VERSION = 5.0;
			};
			name = Debug;
		};
		F9E45F831FB7A54B005DE498 /* Release */ = {
			isa = XCBuildConfiguration;
			buildSettings = {
				ALWAYS_SEARCH_USER_PATHS = NO;
				CLANG_ANALYZER_LOCALIZABILITY_NONLOCALIZED = YES;
				CLANG_ANALYZER_NONNULL = YES;
				CLANG_ANALYZER_NUMBER_OBJECT_CONVERSION = YES_AGGRESSIVE;
				CLANG_CXX_LANGUAGE_STANDARD = "gnu++14";
				CLANG_CXX_LIBRARY = "libc++";
				CLANG_ENABLE_MODULES = YES;
				CLANG_ENABLE_OBJC_ARC = YES;
				CLANG_WARN_BLOCK_CAPTURE_AUTORELEASING = YES;
				CLANG_WARN_BOOL_CONVERSION = YES;
				CLANG_WARN_COMMA = YES;
				CLANG_WARN_CONSTANT_CONVERSION = YES;
				CLANG_WARN_DEPRECATED_OBJC_IMPLEMENTATIONS = YES;
				CLANG_WARN_DIRECT_OBJC_ISA_USAGE = YES_ERROR;
				CLANG_WARN_DOCUMENTATION_COMMENTS = YES;
				CLANG_WARN_EMPTY_BODY = YES;
				CLANG_WARN_ENUM_CONVERSION = YES;
				CLANG_WARN_INFINITE_RECURSION = YES;
				CLANG_WARN_INT_CONVERSION = YES;
				CLANG_WARN_NON_LITERAL_NULL_CONVERSION = YES;
				CLANG_WARN_OBJC_IMPLICIT_RETAIN_SELF = YES;
				CLANG_WARN_OBJC_LITERAL_CONVERSION = YES;
				CLANG_WARN_OBJC_ROOT_CLASS = YES_ERROR;
				CLANG_WARN_RANGE_LOOP_ANALYSIS = YES;
				CLANG_WARN_STRICT_PROTOTYPES = YES;
				CLANG_WARN_SUSPICIOUS_MOVE = YES;
				CLANG_WARN_UNGUARDED_AVAILABILITY = YES_AGGRESSIVE;
				CLANG_WARN_UNREACHABLE_CODE = YES;
				CLANG_WARN__DUPLICATE_METHOD_MATCH = YES;
				CODE_SIGN_IDENTITY = "iPhone Developer";
				COPY_PHASE_STRIP = NO;
				DEBUG_INFORMATION_FORMAT = "dwarf-with-dsym";
				ENABLE_NS_ASSERTIONS = NO;
				ENABLE_STRICT_OBJC_MSGSEND = YES;
				GCC_C_LANGUAGE_STANDARD = gnu11;
				GCC_NO_COMMON_BLOCKS = YES;
				GCC_WARN_64_TO_32_BIT_CONVERSION = YES;
				GCC_WARN_ABOUT_RETURN_TYPE = YES_ERROR;
				GCC_WARN_UNDECLARED_SELECTOR = YES;
				GCC_WARN_UNINITIALIZED_AUTOS = YES_AGGRESSIVE;
				GCC_WARN_UNUSED_FUNCTION = YES;
				GCC_WARN_UNUSED_VARIABLE = YES;
				IPHONEOS_DEPLOYMENT_TARGET = 12.0;
				MTL_ENABLE_DEBUG_INFO = NO;
				SDKROOT = iphoneos;
				SWIFT_COMPILATION_MODE = wholemodule;
				SWIFT_OPTIMIZATION_LEVEL = "-O";
				SWIFT_VERSION = 5.0;
				VALIDATE_PRODUCT = YES;
			};
			name = Release;
		};
		F9E45F851FB7A54B005DE498 /* Debug */ = {
			isa = XCBuildConfiguration;
			buildSettings = {
				ALWAYS_EMBED_SWIFT_STANDARD_LIBRARIES = "$(inherited)";
				ASSETCATALOG_COMPILER_APPICON_NAME = AppIcon;
				CODE_SIGN_STYLE = Automatic;
				CURRENT_PROJECT_VERSION = 65;
				DEVELOPMENT_TEAM = WQY45CL427;
				INFOPLIST_FILE = dailyVerse/Info.plist;
				INFOPLIST_KEY_LSApplicationCategoryType = "public.app-category.reference";
				IPHONEOS_DEPLOYMENT_TARGET = 12.0;
				LD_RUNPATH_SEARCH_PATHS = (
					"$(inherited)",
					"@executable_path/Frameworks",
				);
				MARKETING_VERSION = 1.50;
				OTHER_LDFLAGS = (
					"$(inherited)",
					"-lsqlite3",
				);
				PRODUCT_BUNDLE_IDENTIFIER = com.qoli.dailyVerse;
				PRODUCT_NAME = "$(TARGET_NAME)";
				SWIFT_VERSION = 5.0;
				TARGETED_DEVICE_FAMILY = 1;
				VERSIONING_SYSTEM = "apple-generic";
			};
			name = Debug;
		};
		F9E45F861FB7A54B005DE498 /* Release */ = {
			isa = XCBuildConfiguration;
			buildSettings = {
				ALWAYS_EMBED_SWIFT_STANDARD_LIBRARIES = "$(inherited)";
				ASSETCATALOG_COMPILER_APPICON_NAME = AppIcon;
				CODE_SIGN_STYLE = Automatic;
				CURRENT_PROJECT_VERSION = 65;
				DEVELOPMENT_TEAM = WQY45CL427;
				INFOPLIST_FILE = dailyVerse/Info.plist;
				INFOPLIST_KEY_LSApplicationCategoryType = "public.app-category.reference";
				IPHONEOS_DEPLOYMENT_TARGET = 12.0;
				LD_RUNPATH_SEARCH_PATHS = (
					"$(inherited)",
					"@executable_path/Frameworks",
				);
				MARKETING_VERSION = 1.50;
				OTHER_LDFLAGS = (
					"$(inherited)",
					"-lsqlite3",
				);
				PRODUCT_BUNDLE_IDENTIFIER = com.qoli.dailyVerse;
				PRODUCT_NAME = "$(TARGET_NAME)";
				SWIFT_VERSION = 5.0;
				TARGETED_DEVICE_FAMILY = 1;
				VERSIONING_SYSTEM = "apple-generic";
			};
			name = Release;
		};
/* End XCBuildConfiguration section */

/* Begin XCConfigurationList section */
		F9082A5F1FB8583E00F1DC15 /* Build configuration list for PBXNativeTarget "Extension" */ = {
			isa = XCConfigurationList;
			buildConfigurations = (
				F9082A5D1FB8583E00F1DC15 /* Debug */,
				F9082A5E1FB8583E00F1DC15 /* Release */,
			);
			defaultConfigurationIsVisible = 0;
			defaultConfigurationName = Release;
		};
		F9E45F6D1FB7A54B005DE498 /* Build configuration list for PBXProject "dailyVerse" */ = {
			isa = XCConfigurationList;
			buildConfigurations = (
				F9E45F821FB7A54B005DE498 /* Debug */,
				F9E45F831FB7A54B005DE498 /* Release */,
			);
			defaultConfigurationIsVisible = 0;
			defaultConfigurationName = Release;
		};
		F9E45F841FB7A54B005DE498 /* Build configuration list for PBXNativeTarget "dailyVerse" */ = {
			isa = XCConfigurationList;
			buildConfigurations = (
				F9E45F851FB7A54B005DE498 /* Debug */,
				F9E45F861FB7A54B005DE498 /* Release */,
			);
			defaultConfigurationIsVisible = 0;
			defaultConfigurationName = Release;
		};
/* End XCConfigurationList section */

/* Begin XCLocalSwiftPackageReference section */
		6A70C492F0540A942BDFA3F9 /* XCLocalSwiftPackageReference "DailyVerseDependencies" */ = {
			isa = XCLocalSwiftPackageReference;
			relativePath = Packages/DailyVerseDependencies;
		};
/* End XCLocalSwiftPackageReference section */

/* Begin XCSwiftPackageProductDependency section */
		35AC1A2D028454E3E4683CF9 /* NotificationBannerSwift */ = {
			isa = XCSwiftPackageProductDependency;
			package = 6A70C492F0540A942BDFA3F9 /* XCLocalSwiftPackageReference "DailyVerseDependencies" */;
			productName = NotificationBannerSwift;
		};
		3B7D0227CE2DD9EC4165AE94 /* Spring */ = {
			isa = XCSwiftPackageProductDependency;
			package = 6A70C492F0540A942BDFA3F9 /* XCLocalSwiftPackageReference "DailyVerseDependencies" */;
			productName = Spring;
		};
		8605E0B323A79B198EF57522 /* DynamicBlurView */ = {
			isa = XCSwiftPackageProductDependency;
			package = 6A70C492F0540A942BDFA3F9 /* XCLocalSwiftPackageReference "DailyVerseDependencies" */;
			productName = DynamicBlurView;
		};
		AC3AC2A9C3095F932632357F /* MMMaterialDesignSpinner */ = {
			isa = XCSwiftPackageProductDependency;
			package = 6A70C492F0540A942BDFA3F9 /* XCLocalSwiftPackageReference "DailyVerseDependencies" */;
			productName = MMMaterialDesignSpinner;
		};
		BFCFD05556CD036DBE5F9631 /* SwiftDate */ = {
			isa = XCSwiftPackageProductDependency;
			package = 6A70C492F0540A942BDFA3F9 /* XCLocalSwiftPackageReference "DailyVerseDependencies" */;
			productName = SwiftDate;
		};
/* End XCSwiftPackageProductDependency section */
	};
	rootObject = F9E45F6A1FB7A54B005DE498 /* Project object */;
}
