// !$*UTF8*$!
{
	archiveVersion = 1;
	classes = {
	};
	objectVersion = 48;
	objects = {

/* Begin PBXBuildFile section */
		0454B265E7A34479269E7346 /* Pods_Extension.framework in Frameworks */ = {isa = PBXBuildFile; fileRef = E2F789CB57A10423789810CB /* Pods_Extension.framework */; };
		0A15ED4A1FBABE4D00D2E4DA /* UIFont+DV.swift in Sources */ = {isa = PBXBuildFile; fileRef = 0A15ED491FBABE4D00D2E4DA /* UIFont+DV.swift */; };
		0A15ED4C1FBABE6700D2E4DA /* UILabel+DV.swift in Sources */ = {isa = PBXBuildFile; fileRef = 0A15ED4B1FBABE6700D2E4DA /* UILabel+DV.swift */; };
		0A15ED4E1FBABE8400D2E4DA /* UITextView+DV.swift in Sources */ = {isa = PBXBuildFile; fileRef = 0A15ED4D1FBABE8400D2E4DA /* UITextView+DV.swift */; };
		0A15ED501FBABEA500D2E4DA /* UIView+DV.swift in Sources */ = {isa = PBXBuildFile; fileRef = 0A15ED4F1FBABEA500D2E4DA /* UIView+DV.swift */; };
		D034372680A1842250D237AC /* Pods_dailyVerse.framework in Frameworks */ = {isa = PBXBuildFile; fileRef = 835843FD393E5A31F06BD0D1 /* Pods_dailyVerse.framework */; };
		F9082A521FB8583E00F1DC15 /* NotificationCenter.framework in Frameworks */ = {isa = PBXBuildFile; fileRef = F9082A511FB8583E00F1DC15 /* NotificationCenter.framework */; };
		F9082A551FB8583E00F1DC15 /* TodayViewController.swift in Sources */ = {isa = PBXBuildFile; fileRef = F9082A541FB8583E00F1DC15 /* TodayViewController.swift */; };
		F9082A581FB8583E00F1DC15 /* MainInterface.storyboard in Resources */ = {isa = PBXBuildFile; fileRef = F9082A561FB8583E00F1DC15 /* MainInterface.storyboard */; };
		F9082A5C1FB8583E00F1DC15 /* Extension.appex in Embed App Extensions */ = {isa = PBXBuildFile; fileRef = F9082A501FB8583E00F1DC15 /* Extension.appex */; settings = {ATTRIBUTES = (RemoveHeadersOnCopy, ); }; };
		F908D2931FB8A3E6002CEEAD /* ChapterCell.swift in Sources */ = {isa = PBXBuildFile; fileRef = F908D2921FB8A3E6002CEEAD /* ChapterCell.swift */; };
		F924C03B1FBAB3E4008B105F /* InfoPlist.strings in Resources */ = {isa = PBXBuildFile; fileRef = F924C03D1FBAB3E4008B105F /* InfoPlist.strings */; };
		F94AB5C62009B8F2006BBF98 /* MyFunctions.swift in Sources */ = {isa = PBXBuildFile; fileRef = F94AB5C52009B8F2006BBF98 /* MyFunctions.swift */; };
		F98819A622D4548100BCB099 /* GBig.swift in Sources */ = {isa = PBXBuildFile; fileRef = F98819A522D4548100BCB099 /* GBig.swift */; };
		F9B1538322BD2EB400B9DEF5 /* UIColor+Additions.swift in Sources */ = {isa = PBXBuildFile; fileRef = F9B1538222BD2EB400B9DEF5 /* UIColor+Additions.swift */; };
		F9E45F761FB7A54B005DE498 /* AppDelegate.swift in Sources */ = {isa = PBXBuildFile; fileRef = F9E45F751FB7A54B005DE498 /* AppDelegate.swift */; };
		F9E45F781FB7A54B005DE498 /* ViewController.swift in Sources */ = {isa = PBXBuildFile; fileRef = F9E45F771FB7A54B005DE498 /* ViewController.swift */; };
		F9E45F7B1FB7A54B005DE498 /* Main.storyboard in Resources */ = {isa = PBXBuildFile; fileRef = F9E45F791FB7A54B005DE498 /* Main.storyboard */; };
		F9E45F7D1FB7A54B005DE498 /* Assets.xcassets in Resources */ = {isa = PBXBuildFile; fileRef = F9E45F7C1FB7A54B005DE498 /* Assets.xcassets */; };
		F9E45F801FB7A54B005DE498 /* LaunchScreen.storyboard in Resources */ = {isa = PBXBuildFile; fileRef = F9E45F7E1FB7A54B005DE498 /* LaunchScreen.storyboard */; };
		F9FB0CE91FB898B900EAB646 /* SectionCell.swift in Sources */ = {isa = PBXBuildFile; fileRef = F9FB0CE81FB898B900EAB646 /* SectionCell.swift */; };
/* End PBXBuildFile section */

/* Begin PBXContainerItemProxy section */
		F9082A5A1FB8583E00F1DC15 /* PBXContainerItemProxy */ = {
			isa = PBXContainerItemProxy;
			containerPortal = F9E45F6A1FB7A54B005DE498 /* Project object */;
			proxyType = 1;
			remoteGlobalIDString = F9082A4F1FB8583E00F1DC15;
			remoteInfo = Extension;
		};
/* End PBXContainerItemProxy section */

/* Begin PBXCopyFilesBuildPhase section */
		F9082A601FB8583E00F1DC15 /* Embed App Extensions */ = {
			isa = PBXCopyFilesBuildPhase;
			buildActionMask = 2147483647;
			dstPath = "";
			dstSubfolderSpec = 13;
			files = (
				F9082A5C1FB8583E00F1DC15 /* Extension.appex in Embed App Extensions */,
			);
			name = "Embed App Extensions";
			runOnlyForDeploymentPostprocessing = 0;
		};
/* End PBXCopyFilesBuildPhase section */

/* Begin PBXFileReference section */
		0A15ED491FBABE4D00D2E4DA /* UIFont+DV.swift */ = {isa = PBXFileReference; lastKnownFileType = sourcecode.swift; path = "UIFont+DV.swift"; sourceTree = "<group>"; };
		0A15ED4B1FBABE6700D2E4DA /* UILabel+DV.swift */ = {isa = PBXFileReference; lastKnownFileType = sourcecode.swift; path = "UILabel+DV.swift"; sourceTree = "<group>"; };
		0A15ED4D1FBABE8400D2E4DA /* UITextView+DV.swift */ = {isa = PBXFileReference; lastKnownFileType = sourcecode.swift; path = "UITextView+DV.swift"; sourceTree = "<group>"; };
		0A15ED4F1FBABEA500D2E4DA /* UIView+DV.swift */ = {isa = PBXFileReference; lastKnownFileType = sourcecode.swift; path = "UIView+DV.swift"; sourceTree = "<group>"; };
		377CD6992081B9BC5FE0BB1E /* Pods-dailyVerse.release.xcconfig */ = {isa = PBXFileReference; includeInIndex = 1; lastKnownFileType = text.xcconfig; name = "Pods-dailyVerse.release.xcconfig"; path = "Pods/Target Support Files/Pods-dailyVerse/Pods-dailyVerse.release.xcconfig"; sourceTree = "<group>"; };
		5D478837BA7F98F6048327BF /* Pods-dailyVerse.debug.xcconfig */ = {isa = PBXFileReference; includeInIndex = 1; lastKnownFileType = text.xcconfig; name = "Pods-dailyVerse.debug.xcconfig"; path = "Pods/Target Support Files/Pods-dailyVerse/Pods-dailyVerse.debug.xcconfig"; sourceTree = "<group>"; };
		835843FD393E5A31F06BD0D1 /* Pods_dailyVerse.framework */ = {isa = PBXFileReference; explicitFileType = wrapper.framework; includeInIndex = 0; path = Pods_dailyVerse.framework; sourceTree = BUILT_PRODUCTS_DIR; };
		C34A9305C1CE1DDF39535A54 /* Pods-Extension.debug.xcconfig */ = {isa = PBXFileReference; includeInIndex = 1; lastKnownFileType = text.xcconfig; name = "Pods-Extension.debug.xcconfig"; path = "Pods/Target Support Files/Pods-Extension/Pods-Extension.debug.xcconfig"; sourceTree = "<group>"; };
		E2F789CB57A10423789810CB /* Pods_Extension.framework */ = {isa = PBXFileReference; explicitFileType = wrapper.framework; includeInIndex = 0; path = Pods_Extension.framework; sourceTree = BUILT_PRODUCTS_DIR; };
		EB9EAEEC1B778E240E7305EE /* Pods-Extension.release.xcconfig */ = {isa = PBXFileReference; includeInIndex = 1; lastKnownFileType = text.xcconfig; name = "Pods-Extension.release.xcconfig"; path = "Pods/Target Support Files/Pods-Extension/Pods-Extension.release.xcconfig"; sourceTree = "<group>"; };
		F9082A491FB848F700F1DC15 /* zh-Hant */ = {isa = PBXFileReference; lastKnownFileType = text.plist.strings; name = "zh-Hant"; path = "zh-Hant.lproj/Main.strings"; sourceTree = "<group>"; };
		F9082A4B1FB848F900F1DC15 /* zh-Hans */ = {isa = PBXFileReference; lastKnownFileType = text.plist.strings; name = "zh-Hans"; path = "zh-Hans.lproj/Main.strings"; sourceTree = "<group>"; };
		F9082A501FB8583E00F1DC15 /* Extension.appex */ = {isa = PBXFileReference; explicitFileType = "wrapper.app-extension"; includeInIndex = 0; path = Extension.appex; sourceTree = BUILT_PRODUCTS_DIR; };
		F9082A511FB8583E00F1DC15 /* NotificationCenter.framework */ = {isa = PBXFileReference; lastKnownFileType = wrapper.framework; name = NotificationCenter.framework; path = System/Library/Frameworks/NotificationCenter.framework; sourceTree = SDKROOT; };
		F9082A541FB8583E00F1DC15 /* TodayViewController.swift */ = {isa = PBXFileReference; lastKnownFileType = sourcecode.swift; path = TodayViewController.swift; sourceTree = "<group>"; };
		F9082A571FB8583E00F1DC15 /* Base */ = {isa = PBXFileReference; lastKnownFileType = file.storyboard; name = Base; path = Base.lproj/MainInterface.storyboard; sourceTree = "<group>"; };
		F9082A591FB8583E00F1DC15 /* Info.plist */ = {isa = PBXFileReference; lastKnownFileType = text.plist.xml; path = Info.plist; sourceTree = "<group>"; };
		F908D2921FB8A3E6002CEEAD /* ChapterCell.swift */ = {isa = PBXFileReference; lastKnownFileType = sourcecode.swift; path = ChapterCell.swift; sourceTree = "<group>"; };
		F924C03C1FBAB3E4008B105F /* en */ = {isa = PBXFileReference; lastKnownFileType = text.plist.strings; name = en; path = en.lproj/InfoPlist.strings; sourceTree = "<group>"; };
		F924C03E1FBAB3E8008B105F /* zh-Hant */ = {isa = PBXFileReference; lastKnownFileType = text.plist.strings; name = "zh-Hant"; path = "zh-Hant.lproj/InfoPlist.strings"; sourceTree = "<group>"; };
		F924C03F1FBAB3E8008B105F /* zh-Hans */ = {isa = PBXFileReference; lastKnownFileType = text.plist.strings; name = "zh-Hans"; path = "zh-Hans.lproj/InfoPlist.strings"; sourceTree = "<group>"; };
		F94AB5C52009B8F2006BBF98 /* MyFunctions.swift */ = {isa = PBXFileReference; lastKnownFileType = sourcecode.swift; path = MyFunctions.swift; sourceTree = "<group>"; };
		F98819A522D4548100BCB099 /* GBig.swift */ = {isa = PBXFileReference; lastKnownFileType = sourcecode.swift; path = GBig.swift; sourceTree = "<group>"; };
		F9B1538222BD2EB400B9DEF5 /* UIColor+Additions.swift */ = {isa = PBXFileReference; fileEncoding = 4; lastKnownFileType = sourcecode.swift; path = "UIColor+Additions.swift"; sourceTree = "<group>"; };
		F9E45F721FB7A54B005DE498 /* dailyVerse.app */ = {isa = PBXFileReference; explicitFileType = wrapper.application; includeInIndex = 0; path = dailyVerse.app; sourceTree = BUILT_PRODUCTS_DIR; };
		F9E45F751FB7A54B005DE498 /* AppDelegate.swift */ = {isa = PBXFileReference; lastKnownFileType = sourcecode.swift; path = AppDelegate.swift; sourceTree = "<group>"; };
		F9E45F771FB7A54B005DE498 /* ViewController.swift */ = {isa = PBXFileReference; lastKnownFileType = sourcecode.swift; path = ViewController.swift; sourceTree = "<group>"; };
		F9E45F7A1FB7A54B005DE498 /* Base */ = {isa = PBXFileReference; lastKnownFileType = file.storyboard; name = Base; path = Base.lproj/Main.storyboard; sourceTree = "<group>"; };
		F9E45F7C1FB7A54B005DE498 /* Assets.xcassets */ = {isa = PBXFileReference; lastKnownFileType = folder.assetcatalog; path = Assets.xcassets; sourceTree = "<group>"; };
		F9E45F7F1FB7A54B005DE498 /* Base */ = {isa = PBXFileReference; lastKnownFileType = file.storyboard; name = Base; path = Base.lproj/LaunchScreen.storyboard; sourceTree = "<group>"; };
		F9E45F811FB7A54B005DE498 /* Info.plist */ = {isa = PBXFileReference; lastKnownFileType = text.plist.xml; path = Info.plist; sourceTree = "<group>"; };
		F9ED80B81FB80CCD00D8CC70 /* zh-Hans */ = {isa = PBXFileReference; lastKnownFileType = text.plist.strings; name = "zh-Hans"; path = "zh-Hans.lproj/LaunchScreen.strings"; sourceTree = "<group>"; };
		F9ED80BA1FB80CF700D8CC70 /* zh-Hant */ = {isa = PBXFileReference; lastKnownFileType = text.plist.strings; name = "zh-Hant"; path = "zh-Hant.lproj/LaunchScreen.strings"; sourceTree = "<group>"; };
		F9FB0CE81FB898B900EAB646 /* SectionCell.swift */ = {isa = PBXFileReference; lastKnownFileType = sourcecode.swift; path = SectionCell.swift; sourceTree = "<group>"; };
/* End PBXFileReference section */

/* Begin PBXFrameworksBuildPhase section */
		F9082A4D1FB8583E00F1DC15 /* Frameworks */ = {
			isa = PBXFrameworksBuildPhase;
			buildActionMask = 2147483647;
			files = (
				F9082A521FB8583E00F1DC15 /* NotificationCenter.framework in Frameworks */,
				0454B265E7A34479269E7346 /* Pods_Extension.framework in Frameworks */,
			);
			runOnlyForDeploymentPostprocessing = 0;
		};
		F9E45F6F1FB7A54B005DE498 /* Frameworks */ = {
			isa = PBXFrameworksBuildPhase;
			buildActionMask = 2147483647;
			files = (
				D034372680A1842250D237AC /* Pods_dailyVerse.framework in Frameworks */,
			);
			runOnlyForDeploymentPostprocessing = 0;
		};
/* End PBXFrameworksBuildPhase section */

/* Begin PBXGroup section */
		0A15ED461FBABDE000D2E4DA /* DVExtension */ = {
			isa = PBXGroup;
			children = (
				F9B1538222BD2EB400B9DEF5 /* UIColor+Additions.swift */,
				0A15ED491FBABE4D00D2E4DA /* UIFont+DV.swift */,
				0A15ED4B1FBABE6700D2E4DA /* UILabel+DV.swift */,
				0A15ED4D1FBABE8400D2E4DA /* UITextView+DV.swift */,
				0A15ED4F1FBABEA500D2E4DA /* UIView+DV.swift */,
			);
			path = DVExtension;
			sourceTree = "<group>";
		};
		C53A089FC94CF999D15FF292 /* Frameworks */ = {
			isa = PBXGroup;
			children = (
				835843FD393E5A31F06BD0D1 /* Pods_dailyVerse.framework */,
				F9082A511FB8583E00F1DC15 /* NotificationCenter.framework */,
				E2F789CB57A10423789810CB /* Pods_Extension.framework */,
			);
			name = Frameworks;
			sourceTree = "<group>";
		};
		C83A1E60645CC49034F6D5A8 /* Pods */ = {
			isa = PBXGroup;
			children = (
				5D478837BA7F98F6048327BF /* Pods-dailyVerse.debug.xcconfig */,
				377CD6992081B9BC5FE0BB1E /* Pods-dailyVerse.release.xcconfig */,
				C34A9305C1CE1DDF39535A54 /* Pods-Extension.debug.xcconfig */,
				EB9EAEEC1B778E240E7305EE /* Pods-Extension.release.xcconfig */,
			);
			name = Pods;
			sourceTree = "<group>";
		};
		F9082A531FB8583E00F1DC15 /* Extension */ = {
			isa = PBXGroup;
			children = (
				F9082A541FB8583E00F1DC15 /* TodayViewController.swift */,
				F9082A561FB8583E00F1DC15 /* MainInterface.storyboard */,
				F9082A591FB8583E00F1DC15 /* Info.plist */,
			);
			path = Extension;
			sourceTree = "<group>";
		};
		F94AB5C72009B8FA006BBF98 /* Functions */ = {
			isa = PBXGroup;
			children = (
				F94AB5C52009B8F2006BBF98 /* MyFunctions.swift */,
				F98819A522D4548100BCB099 /* GBig.swift */,
			);
			path = Functions;
			sourceTree = "<group>";
		};
		F9E45F691FB7A54B005DE498 = {
			isa = PBXGroup;
			children = (
				F9E45F741FB7A54B005DE498 /* dailyVerse */,
				F9082A531FB8583E00F1DC15 /* Extension */,
				F9E45F731FB7A54B005DE498 /* Products */,
				C83A1E60645CC49034F6D5A8 /* Pods */,
				C53A089FC94CF999D15FF292 /* Frameworks */,
			);
			sourceTree = "<group>";
		};
		F9E45F731FB7A54B005DE498 /* Products */ = {
			isa = PBXGroup;
			children = (
				F9E45F721FB7A54B005DE498 /* dailyVerse.app */,
				F9082A501FB8583E00F1DC15 /* Extension.appex */,
			);
			name = Products;
			sourceTree = "<group>";
		};
		F9E45F741FB7A54B005DE498 /* dailyVerse */ = {
			isa = PBXGroup;
			children = (
				F94AB5C72009B8FA006BBF98 /* Functions */,
				0A15ED461FBABDE000D2E4DA /* DVExtension */,
				F9E45F751FB7A54B005DE498 /* AppDelegate.swift */,
				F9E45F771FB7A54B005DE498 /* ViewController.swift */,
				F924C03D1FBAB3E4008B105F /* InfoPlist.strings */,
				F9E45F791FB7A54B005DE498 /* Main.storyboard */,
				F9FB0CE81FB898B900EAB646 /* SectionCell.swift */,
				F908D2921FB8A3E6002CEEAD /* ChapterCell.swift */,
				F9E45F7C1FB7A54B005DE498 /* Assets.xcassets */,
				F9E45F7E1FB7A54B005DE498 /* LaunchScreen.storyboard */,
				F9E45F811FB7A54B005DE498 /* Info.plist */,
			);
			path = dailyVerse;
			sourceTree = "<group>";
		};
/* End PBXGroup section */

/* Begin PBXNativeTarget section */
		F9082A4F1FB8583E00F1DC15 /* Extension */ = {
			isa = PBXNativeTarget;
			buildConfigurationList = F9082A5F1FB8583E00F1DC15 /* Build configuration list for PBXNativeTarget "Extension" */;
			buildPhases = (
				1CFBAFC9E9EA7CC0649E87E7 /* [CP] Check Pods Manifest.lock */,
				F9082A4C1FB8583E00F1DC15 /* Sources */,
				F9082A4D1FB8583E00F1DC15 /* Frameworks */,
				F9082A4E1FB8583E00F1DC15 /* Resources */,
			);
			buildRules = (
			);
			dependencies = (
			);
			name = Extension;
			productName = Extension;
			productReference = F9082A501FB8583E00F1DC15 /* Extension.appex */;
			productType = "com.apple.product-type.app-extension";
		};
		F9E45F711FB7A54B005DE498 /* dailyVerse */ = {
			isa = PBXNativeTarget;
			buildConfigurationList = F9E45F841FB7A54B005DE498 /* Build configuration list for PBXNativeTarget "dailyVerse" */;
			buildPhases = (
				B0A5E98C7BCC313729E2DFB5 /* [CP] Check Pods Manifest.lock */,
				F9E45F6E1FB7A54B005DE498 /* Sources */,
				F9E45F6F1FB7A54B005DE498 /* Frameworks */,
				F9E45F701FB7A54B005DE498 /* Resources */,
				C8BF1C076227876CD84B2E74 /* [CP] Embed Pods Frameworks */,
				F9082A601FB8583E00F1DC15 /* Embed App Extensions */,
				F982466A22BD091200ADFFB6 /* 自動上傳 dSYM 到 Bugly */,
			);
			buildRules = (
			);
			dependencies = (
				F9082A5B1FB8583E00F1DC15 /* PBXTargetDependency */,
			);
			name = dailyVerse;
			productName = dailyVerse;
			productReference = F9E45F721FB7A54B005DE498 /* dailyVerse.app */;
			productType = "com.apple.product-type.application";
		};
/* End PBXNativeTarget section */

/* Begin PBXProject section */
		F9E45F6A1FB7A54B005DE498 /* Project object */ = {
			isa = PBXProject;
			attributes = {
				LastSwiftUpdateCheck = 0910;
				LastUpgradeCheck = 0930;
				ORGANIZATIONNAME = "庫倪";
				TargetAttributes = {
					F9082A4F1FB8583E00F1DC15 = {
						CreatedOnToolsVersion = 9.1;
						LastSwiftMigration = 1020;
						ProvisioningStyle = Automatic;
					};
					F9E45F711FB7A54B005DE498 = {
						CreatedOnToolsVersion = 9.1;
						LastSwiftMigration = 1020;
						ProvisioningStyle = Automatic;
						SystemCapabilities = {
							com.apple.BackgroundModes = {
								enabled = 1;
							};
						};
					};
				};
			};
			buildConfigurationList = F9E45F6D1FB7A54B005DE498 /* Build configuration list for PBXProject "dailyVerse" */;
			compatibilityVersion = "Xcode 8.0";
			developmentRegion = en;
			hasScannedForEncodings = 0;
			knownRegions = (
				en,
				Base,
				"zh-Hant",
				"zh-Hans",
			);
			mainGroup = F9E45F691FB7A54B005DE498;
			productRefGroup = F9E45F731FB7A54B005DE498 /* Products */;
			projectDirPath = "";
			projectRoot = "";
			targets = (
				F9E45F711FB7A54B005DE498 /* dailyVerse */,
				F9082A4F1FB8583E00F1DC15 /* Extension */,
			);
		};
/* End PBXProject section */

/* Begin PBXResourcesBuildPhase section */
		F9082A4E1FB8583E00F1DC15 /* Resources */ = {
			isa = PBXResourcesBuildPhase;
			buildActionMask = 2147483647;
			files = (
				F9082A581FB8583E00F1DC15 /* MainInterface.storyboard in Resources */,
			);
			runOnlyForDeploymentPostprocessing = 0;
		};
		F9E45F701FB7A54B005DE498 /* Resources */ = {
			isa = PBXResourcesBuildPhase;
			buildActionMask = 2147483647;
			files = (
				F9E45F801FB7A54B005DE498 /* LaunchScreen.storyboard in Resources */,
				F924C03B1FBAB3E4008B105F /* InfoPlist.strings in Resources */,
				F9E45F7D1FB7A54B005DE498 /* Assets.xcassets in Resources */,
				F9E45F7B1FB7A54B005DE498 /* Main.storyboard in Resources */,
			);
			runOnlyForDeploymentPostprocessing = 0;
		};
/* End PBXResourcesBuildPhase section */

/* Begin PBXShellScriptBuildPhase section */
		1CFBAFC9E9EA7CC0649E87E7 /* [CP] Check Pods Manifest.lock */ = {
			isa = PBXShellScriptBuildPhase;
			buildActionMask = 2147483647;
			files = (
			);
			inputPaths = (
				"${PODS_PODFILE_DIR_PATH}/Podfile.lock",
				"${PODS_ROOT}/Manifest.lock",
			);
			name = "[CP] Check Pods Manifest.lock";
			outputPaths = (
				"$(DERIVED_FILE_DIR)/Pods-Extension-checkManifestLockResult.txt",
			);
			runOnlyForDeploymentPostprocessing = 0;
			shellPath = /bin/sh;
			shellScript = "diff \"${PODS_PODFILE_DIR_PATH}/Podfile.lock\" \"${PODS_ROOT}/Manifest.lock\" > /dev/null\nif [ $? != 0 ] ; then\n    # print error to STDERR\n    echo \"error: The sandbox is not in sync with the Podfile.lock. Run 'pod install' or update your CocoaPods installation.\" >&2\n    exit 1\nfi\n# This output is used by Xcode 'outputs' to avoid re-running this script phase.\necho \"SUCCESS\" > \"${SCRIPT_OUTPUT_FILE_0}\"\n";
			showEnvVarsInLog = 0;
		};
		B0A5E98C7BCC313729E2DFB5 /* [CP] Check Pods Manifest.lock */ = {
			isa = PBXShellScriptBuildPhase;
			buildActionMask = 2147483647;
			files = (
			);
			inputPaths = (
				"${PODS_PODFILE_DIR_PATH}/Podfile.lock",
				"${PODS_ROOT}/Manifest.lock",
			);
			name = "[CP] Check Pods Manifest.lock";
			outputPaths = (
				"$(DERIVED_FILE_DIR)/Pods-dailyVerse-checkManifestLockResult.txt",
			);
			runOnlyForDeploymentPostprocessing = 0;
			shellPath = /bin/sh;
			shellScript = "diff \"${PODS_PODFILE_DIR_PATH}/Podfile.lock\" \"${PODS_ROOT}/Manifest.lock\" > /dev/null\nif [ $? != 0 ] ; then\n    # print error to STDERR\n    echo \"error: The sandbox is not in sync with the Podfile.lock. Run 'pod install' or update your CocoaPods installation.\" >&2\n    exit 1\nfi\n# This output is used by Xcode 'outputs' to avoid re-running this script phase.\necho \"SUCCESS\" > \"${SCRIPT_OUTPUT_FILE_0}\"\n";
			showEnvVarsInLog = 0;
		};
		C8BF1C076227876CD84B2E74 /* [CP] Embed Pods Frameworks */ = {
			isa = PBXShellScriptBuildPhase;
			buildActionMask = 2147483647;
			files = (
			);
			inputPaths = (
				"${PODS_ROOT}/Target Support Files/Pods-dailyVerse/Pods-dailyVerse-frameworks.sh",
				"${BUILT_PRODUCTS_DIR}/Alamofire/Alamofire.framework",
				"${BUILT_PRODUCTS_DIR}/DynamicBlurView/DynamicBlurView.framework",
				"${BUILT_PRODUCTS_DIR}/MMMaterialDesignSpinner/MMMaterialDesignSpinner.framework",
				"${BUILT_PRODUCTS_DIR}/MarqueeLabel/MarqueeLabel.framework",
				"${BUILT_PRODUCTS_DIR}/NotificationBannerSwift/NotificationBannerSwift.framework",
				"${BUILT_PRODUCTS_DIR}/SnapKit/SnapKit.framework",
				"${BUILT_PRODUCTS_DIR}/Spring/Spring.framework",
				"${BUILT_PRODUCTS_DIR}/SwiftDate/SwiftDate.framework",
				"${BUILT_PRODUCTS_DIR}/SwiftyJSON/SwiftyJSON.framework",
			);
			name = "[CP] Embed Pods Frameworks";
			outputPaths = (
				"${TARGET_BUILD_DIR}/${FRAMEWORKS_FOLDER_PATH}/Alamofire.framework",
				"${TARGET_BUILD_DIR}/${FRAMEWORKS_FOLDER_PATH}/DynamicBlurView.framework",
				"${TARGET_BUILD_DIR}/${FRAMEWORKS_FOLDER_PATH}/MMMaterialDesignSpinner.framework",
				"${TARGET_BUILD_DIR}/${FRAMEWORKS_FOLDER_PATH}/MarqueeLabel.framework",
				"${TARGET_BUILD_DIR}/${FRAMEWORKS_FOLDER_PATH}/NotificationBannerSwift.framework",
				"${TARGET_BUILD_DIR}/${FRAMEWORKS_FOLDER_PATH}/SnapKit.framework",
				"${TARGET_BUILD_DIR}/${FRAMEWORKS_FOLDER_PATH}/Spring.framework",
				"${TARGET_BUILD_DIR}/${FRAMEWORKS_FOLDER_PATH}/SwiftDate.framework",
				"${TARGET_BUILD_DIR}/${FRAMEWORKS_FOLDER_PATH}/SwiftyJSON.framework",
			);
			runOnlyForDeploymentPostprocessing = 0;
			shellPath = /bin/sh;
			shellScript = "\"${PODS_ROOT}/Target Support Files/Pods-dailyVerse/Pods-dailyVerse-frameworks.sh\"\n";
			showEnvVarsInLog = 0;
		};
		F982466A22BD091200ADFFB6 /* 自動上傳 dSYM 到 Bugly */ = {
			isa = PBXShellScriptBuildPhase;
			buildActionMask = 2147483647;
			files = (
			);
			inputFileListPaths = (
			);
			inputPaths = (
			);
			name = "自動上傳 dSYM 到 Bugly";
			outputFileListPaths = (
			);
			outputPaths = (
			);
			runOnlyForDeploymentPostprocessing = 0;
			shellPath = /bin/sh;
			shellScript = "#!/bin/sh\n#\n# Copyright 2016 Bugly, Tencent. All rights reserved.\n#\n# V1.4.0\n#\n# 2016.08.03\n#\n#\n#\n######################################################\n# 1. 脚本集成到Xcode工程的Target\n######################################################\n#\n# --- Copy the SCRIPT to the Run Script of Build Phases in the Xcode project ---\n#\n# #\nBUGLY_APP_ID=\"b2f3040bce\"\n# #\nBUGLY_APP_KEY=\"5082362c-2967-41ca-a6d2-489c7c485fc8\"\n# #\nBUNDLE_IDENTIFIER=\"com.qoli.dailyVerse\"\n# #\nUPLOAD_DSYM_ONLY=1\n#\n# # 脚本默认配置的版本格式为CFBundleShortVersionString(CFBundleVersion),  如果你修改默认的版本格式, 请设置此变量, 如果不想修改, 请忽略此设置\n# CUSTOMIZED_APP_VERSION=\"\"\n#\n# # Debug模式编译是否上传，1＝上传 0＝不上传，默认不上传\n# UPLOAD_DEBUG_SYMBOLS=0\n#\n# # 模拟器编译是否上传，1=上传 0=不上传，默认不上传\n# UPLOAD_SIMULATOR_SYMBOLS=0\n#\n# #只有Archive操作时上传, 1=支持Archive上传 0=所有Release模式编译都上传\n# UPLOAD_ARCHIVE_ONLY=0\n#\n# #\n# source dSYMUpload.sh\n#\n# --- END OF SCRIPT ---\n#\n#\n#\n#\n#######################################################\n# 2. 脚本根据输入参数处理\n#######################################################\n#\n# #命令行下输入应用基本信息, .dSYM文件的父目录路径, 输出文件目录即可\n#\n# sh dSYMUpload.sh <bugly_app_id> <bugly_app_key> <app_bundle_identifier> <app_version> <dSYM_src_dir> <bSYMBOL_dest_dir>\n#\n# #\n#\n# #注意:\n# # 1. dSYMUpload.sh会调用buglySymboliOS.jar进行.dSYM解析，所以依赖Java运行时环境\n# # 2. dSYMUpload.sh和buglySymboliOS.jar的文件路径需一致\n#\n#\n\n#\n# --- CONTENT OF SCRIPT ---\n#\n\n# Bugly服务域名\nBUGLY_DSYM_UPLOAD_DOMAIN=\"api.bugly.qq.com\"\n\n# 注意jar工具的路径跟dSYMUpload.sh脚本路径一致, 请务必保证jar路径的正确性\nBUGLY_SYMBOL_JAR_PATH=\"dsymtool/buglySymboliOS.jar\"\n# 查找添加到系统目录的jar工具\nif [ ! -f \"${BUGLY_SYMBOL_JAR_PATH}\" ]; then\nBUGLY_SYMBOL_JAR_PATH=\"$HOME/bin/buglySymboliOS.jar\"\nfi\n\n# 打印错误信息\nfunction exitWithMessage(){\necho \"--------------------------------\"\necho \"${1}\"\necho \"--------------------------------\"\nexit ${2}\n}\n\n# 上传bSYMBOL文件\nfunction dSYMUpload() {\nP_APP_ID=\"$1\"\nP_APP_KEY=\"$2\"\nP_APP_BUNDLE_ID=\"$3\"\nP_APP_VERSION=\"$4\"\nP_BSYMBOL_ZIP_FILE=\"$5\"\n\n#\nP_BSYMBOL_ZIP_FILE_NAME=${P_BSYMBOL_ZIP_FILE##*/}\nP_BSYMBOL_ZIP_FILE_NAME=${P_BSYMBOL_ZIP_FILE_NAME//&/_}\nP_BSYMBOL_ZIP_FILE_NAME=\"${P_BSYMBOL_ZIP_FILE_NAME// /_}\"\n\nDSYM_UPLOAD_URL=\"https://${BUGLY_DSYM_UPLOAD_DOMAIN}/openapi/file/upload/symbol?app_id=${P_APP_ID}&app_key=${P_APP_KEY}\"\necho \"dSYM upload url: ${DSYM_UPLOAD_URL}\"\n\necho \"-----------------------------\"\nSTATUS=$(/usr/bin/curl -k \"${DSYM_UPLOAD_URL}\" --form \"api_version=1\" --form \"app_id=${P_APP_ID}\" --form \"app_key=${P_APP_KEY}\" --form \"symbolType=2\"  --form \"bundleId=${BUNDLE_IDENTIFIER}\" --form \"productVersion=${BUGLY_APP_VERSION}\" --form \"fileName=${P_BSYMBOL_ZIP_FILE_NAME}\" --form \"file=@${P_BSYMBOL_ZIP_FILE}\" --verbose)\necho \"-----------------------------\"\n\nUPLOAD_RESULT=\"FAILTURE\"\necho \"Bugly server response: ${STATUS}\"\nif [ ! \"${STATUS}\" ]; then\necho \"Error: Failed to upload the zip archive file.\"\nelif [[ \"${STATUS}\" == *\"{\\\"reponseCode\\\":\\\"0\\\"}\"* ]]; then\necho \"Success to upload the dSYM for the app [${BUNDLE_IDENTIFIER} ${BUGLY_APP_VERSION}]\"\nUPLOAD_RESULT=\"SUCCESS\"\nelse\necho \"Error: Failed to upload the zip archive file to Bugly.\"\nfi\n\n#Remove temp dSYM archive\n#echo \"Remove temporary zip archive: ${DSYM_ZIP_FPATH}\"\n#/bin/rm -f \"${DSYM_ZIP_FPATH}\"\n\nif [ \"$?\" -ne 0 ]; then\nexitWithMessage \"Error: Failed to remove temporary zip archive.\" 0\nfi\n\necho \"--------------------------------\"\necho \"${UPLOAD_RESULT} - dSYM upload complete.\"\n\nif [[ \"${UPLOAD_RESULT}\" == \"FAILTURE\" ]]; then\necho \"--------------------------------\"\necho \"Failed to upload the dSYM\"\necho \"Please check the script and try it again.\"\nfi\n}\n\n# .dSYM解析为bSYMBOL文件\nfunction dSYMParse() {\nDSYM_FILE=\"$1\"\nDSYM_SYMBOL_FILE=\"$2\"\n\necho \"--------------------------------\"\necho \"Extract symbol info from .dSYM file. to ${DSYM_SYMBOL_FILE}\"\n(/usr/bin/java -Xms512m -Xmx1024m -Dfile.encoding=UTF8 -jar \"${BUGLY_SYMBOL_JAR_PATH}\" -i \"${DSYM_FILE}\" -o \"${DSYM_SYMBOL_FILE}\" ) || exitWithMessage \"Error: Failed to extract symbols.\" 1\necho \"--------------------------------\"\n\n}\n\n# 执行\nfunction run() {\n\nCONFIG_BUGLY_APP_ID=\"$1\"\nCONFIG_BUGLY_APP_KEY=\"$2\"\n\nCONFIG_BUGLY_APP_BUNDLE_IDENTIFIER=\"$3\"\nCONFIG_BUGLY_APP_VERSION=\"$4\"\nCONFIG_DSYM_SOURCE_DIR=\"$5\"\nCONFIG_DSYM_DEST_DIR=\"$6\"\nCONFIG_UPLOAD_DSYM_ONLY=\"$7\"\n\n# 检查必须参数是否设置\nif [ ! \"${CONFIG_BUGLY_APP_ID}\" ]; then\nexitWithMessage \"Error: Bugly App ID not defined. Please set 'BUGLY_APP_ID' \" 0\nfi\n\nif [[ \"${CONFIG_BUGLY_APP_ID}\" == *\"App ID\"* ]]; then\nexitWithMessage \"Error: Bugly App ID not defined.\" 0\nfi\n\nif [ ! \"${CONFIG_BUGLY_APP_KEY}\" ]; then\nexitWithMessage \"Error: Bugly App Key not defined.\" 0\nfi\n\nif [ ! \"${CONFIG_BUGLY_APP_BUNDLE_IDENTIFIER}\" ]; then\nexitWithMessage \"Error: Bundle Identifier not defined.\" 0\nfi\n\nif [ ! \"${CONFIG_BUGLY_APP_VERSION}\" ]; then\nexitWithMessage \"Error: App Version not defined.\" 0\nfi\n\nif [ ! -e \"${CONFIG_DSYM_SOURCE_DIR}\" ]; then\nexitWithMessage \"Error: Invalid dir ${CONFIG_DSYM_SOURCE_DIR}\" 0\nfi\n\nif [ ! \"${CONFIG_DSYM_DEST_DIR}\" ]; then\nexitWithMessage \"Error: Invalid dir ${CONFIG_DSYM_DEST_DIR}\" 0\nfi\n\nif [ ! -e \"${CONFIG_DSYM_DEST_DIR}\" ]; then\nmkdir ${CONFIG_DSYM_DEST_DIR}\nfi\n\nDSYM_FOLDER=\"${CONFIG_DSYM_SOURCE_DIR}\"\nIFS=$'\\n'\n\necho \"Scaning dSYM FOLDER: ${DSYM_FOLDER} ...\"\nRET=\"F\"\n\n#\nfor dsymFile in $(find \"$DSYM_FOLDER\" -name '*.dSYM'); do\nRET=\"T\"\necho \"Found dSYM file: $dsymFile\"\n\nDSYM_FILE_NAME=${dsymFile##*/}\nDSYM_SYMBOL_ZIP_FILE_NAME=\"${DSYM_FILE_NAME}.zip\"\nDSYM_SYMBOL_ZIP_FILE_NAME=\"${DSYM_SYMBOL_ZIP_FILE_NAME// /_}\"\nDSYM_SYMBOL_ZIP_FILE=${CONFIG_DSYM_DEST_DIR}/${DSYM_SYMBOL_ZIP_FILE_NAME}\n\nif [ $CONFIG_UPLOAD_DSYM_ONLY -eq 1 ]; then\nif [ -e $DSYM_SYMBOL_ZIP_FILE ]; then\nrm -f $DSYM_SYMBOL_ZIP_FILE\nfi\n# 如果只上传dSYM，直接压缩dSYM目录\nzip -r -j $DSYM_SYMBOL_ZIP_FILE $dsymFile -x *.plist\nelse\n# 使用符号表工具来生成Symbol文件\ndSYMParse $dsymFile $DSYM_SYMBOL_ZIP_FILE\nfi\n\n# 上传\ndSYMUpload $CONFIG_BUGLY_APP_ID $CONFIG_BUGLY_APP_KEY $CONFIG_BUGLY_APP_BUNDLE_IDENTIFIER $CONFIG_BUGLY_APP_VERSION $DSYM_SYMBOL_ZIP_FILE\ndone\n\nif [ $RET = \"F\" ]; then\nexitWithMessage \"No .dSYM found in ${DSYM_FOLDER}\" 0\nfi\n}\n\n# 在Xcode工程中执行\nfunction runInXcode(){\necho \"Uploading dSYM to Bugly in Xcode ...\"\n\necho \"Info.Plist : ${INFOPLIST_FILE}\"\n\nBUNDLE_VERSION=$(/usr/libexec/PlistBuddy -c 'Print CFBundleVersion' \"${INFOPLIST_FILE}\")\nBUNDLE_SHORT_VERSION=$(/usr/libexec/PlistBuddy -c 'Print CFBundleShortVersionString' \"${INFOPLIST_FILE}\")\n\n# 组装Bugly默认识别的版本信息(格式为CFBundleShortVersionString(CFBundleVersion), 例如: 1.0(1))\nif [ ! \"${CUSTOMIZED_APP_VERSION}\" ]; then\nBUGLY_APP_VERSION=\"${BUNDLE_SHORT_VERSION}(${BUNDLE_VERSION})\"\nelse\nBUGLY_APP_VERSION=\"${CUSTOMIZED_APP_VERSION}\"\nfi\n\necho \"--------------------------------\"\necho \"Prepare application information.\"\necho \"--------------------------------\"\n\necho \"Product Name: ${PRODUCT_NAME}\"\necho \"Bundle Identifier: ${BUNDLE_IDENTIFIER}\"\necho \"Version: ${BUNDLE_SHORT_VERSION}\"\necho \"Build: ${BUNDLE_VERSION}\"\n\necho \"Bugly App ID: ${BUGLY_APP_ID}\"\necho \"Bugly App key: ${BUGLY_APP_KEY}\"\necho \"Bugly App Version: ${BUGLY_APP_VERSION}\"\n\necho \"--------------------------------\"\necho \"Check the arguments ...\"\n\n##检查模拟器编译是否允许上传符号\nif [ \"$EFFECTIVE_PLATFORM_NAME\" == \"-iphonesimulator\" ]; then\nif [ $UPLOAD_SIMULATOR_SYMBOLS -eq 0 ]; then\nexitWithMessage \"Warning: Build for simulator and skipping to upload. \\nYou can modify 'UPLOAD_SIMULATOR_SYMBOLS' to 1 in the script.\" 0\nfi\nfi\n\n##检查是否是Release模式编译\nif [ \"${CONFIGURATION=}\" == \"Debug\" ]; then\nif [ $UPLOAD_DEBUG_SYMBOLS -eq 0 ]; then\nexitWithMessage \"Warning: Build for debug mode and skipping to upload. \\nYou can modify 'UPLOAD_DEBUG_SYMBOLS' to 1 in the script.\" 0\nfi\nfi\n\n##检查是否Archive操作\nif [ $UPLOAD_ARCHIVE_ONLY -eq 1 ]; then\nif [[ \"$TARGET_BUILD_DIR\" == *\"/Archive\"* ]]; then\necho \"Archive the package\"\nelse\nexitWithMessage \"Warning: Build for NOT Archive mode and skipping to upload. \\nYou can modify 'UPLOAD_ARCHIVE_ONLY' to 0 in the script.\" 0\nfi\nfi\n\n#\nrun ${BUGLY_APP_ID} ${BUGLY_APP_KEY} ${BUNDLE_IDENTIFIER} ${BUGLY_APP_VERSION} ${DWARF_DSYM_FOLDER_PATH} ${BUILD_DIR}/BuglySymbolTemp ${UPLOAD_DSYM_ONLY}\n}\n\n# 根据Xcode的环境变量判断是否处于Xcode环境\nINFO_PLIST_FILE=\"${INFOPLIST_FILE}\"\n\nBuildInXcode=\"F\"\nif [ -f \"${INFO_PLIST_FILE}\" ]; then\nBuildInXcode=\"T\"\nfi\n\nif [ $BuildInXcode = \"T\" ]; then\nrunInXcode\nelse\necho \"\\nUsage: dSYMUpload.sh <bugly_app_id> <bugly_app_key> <app_bundle_identifier> <app_version> <dSYM_src_dir> <bSYMBOL_dest_dir> [upload_dsym_only]\\n\"\n# 你可以在此处直接设置BuglyAppID和BuglyAppKey，排除不常变参数的输入\nBUGLY_APP_ID=\"$1\"\nBUGLY_APP_KEY=\"$2\"\nBUNDLE_IDENTIFIER=\"$3\"\nBUGLY_APP_VERSION=\"$4\"\nDWARF_DSYM_FOLDER_PATH=\"$5\"\nSYMBOL_OUTPUT_PATH=\"$6\"\nUPLOAD_DSYM_ONLY=$7\nrun ${BUGLY_APP_ID} ${BUGLY_APP_KEY} ${BUNDLE_IDENTIFIER} ${BUGLY_APP_VERSION} ${DWARF_DSYM_FOLDER_PATH} ${SYMBOL_OUTPUT_PATH} ${UPLOAD_DSYM_ONLY}\nfi\n";
		};
/* End PBXShellScriptBuildPhase section */

/* Begin PBXSourcesBuildPhase section */
		F9082A4C1FB8583E00F1DC15 /* Sources */ = {
			isa = PBXSourcesBuildPhase;
			buildActionMask = 2147483647;
			files = (
				F9082A551FB8583E00F1DC15 /* TodayViewController.swift in Sources */,
			);
			runOnlyForDeploymentPostprocessing = 0;
		};
		F9E45F6E1FB7A54B005DE498 /* Sources */ = {
			isa = PBXSourcesBuildPhase;
			buildActionMask = 2147483647;
			files = (
				F9FB0CE91FB898B900EAB646 /* SectionCell.swift in Sources */,
				0A15ED4E1FBABE8400D2E4DA /* UITextView+DV.swift in Sources */,
				0A15ED4C1FBABE6700D2E4DA /* UILabel+DV.swift in Sources */,
				0A15ED4A1FBABE4D00D2E4DA /* UIFont+DV.swift in Sources */,
				F9B1538322BD2EB400B9DEF5 /* UIColor+Additions.swift in Sources */,
				F9E45F781FB7A54B005DE498 /* ViewController.swift in Sources */,
				0A15ED501FBABEA500D2E4DA /* UIView+DV.swift in Sources */,
				F98819A622D4548100BCB099 /* GBig.swift in Sources */,
				F9E45F761FB7A54B005DE498 /* AppDelegate.swift in Sources */,
				F908D2931FB8A3E6002CEEAD /* ChapterCell.swift in Sources */,
				F94AB5C62009B8F2006BBF98 /* MyFunctions.swift in Sources */,
			);
			runOnlyForDeploymentPostprocessing = 0;
		};
/* End PBXSourcesBuildPhase section */

/* Begin PBXTargetDependency section */
		F9082A5B1FB8583E00F1DC15 /* PBXTargetDependency */ = {
			isa = PBXTargetDependency;
			target = F9082A4F1FB8583E00F1DC15 /* Extension */;
			targetProxy = F9082A5A1FB8583E00F1DC15 /* PBXContainerItemProxy */;
		};
/* End PBXTargetDependency section */

/* Begin PBXVariantGroup section */
		F9082A561FB8583E00F1DC15 /* MainInterface.storyboard */ = {
			isa = PBXVariantGroup;
			children = (
				F9082A571FB8583E00F1DC15 /* Base */,
			);
			name = MainInterface.storyboard;
			sourceTree = "<group>";
		};
		F924C03D1FBAB3E4008B105F /* InfoPlist.strings */ = {
			isa = PBXVariantGroup;
			children = (
				F924C03C1FBAB3E4008B105F /* en */,
				F924C03E1FBAB3E8008B105F /* zh-Hant */,
				F924C03F1FBAB3E8008B105F /* zh-Hans */,
			);
			name = InfoPlist.strings;
			sourceTree = "<group>";
		};
		F9E45F791FB7A54B005DE498 /* Main.storyboard */ = {
			isa = PBXVariantGroup;
			children = (
				F9E45F7A1FB7A54B005DE498 /* Base */,
				F9082A491FB848F700F1DC15 /* zh-Hant */,
				F9082A4B1FB848F900F1DC15 /* zh-Hans */,
			);
			name = Main.storyboard;
			sourceTree = "<group>";
		};
		F9E45F7E1FB7A54B005DE498 /* LaunchScreen.storyboard */ = {
			isa = PBXVariantGroup;
			children = (
				F9E45F7F1FB7A54B005DE498 /* Base */,
				F9ED80B81FB80CCD00D8CC70 /* zh-Hans */,
				F9ED80BA1FB80CF700D8CC70 /* zh-Hant */,
			);
			name = LaunchScreen.storyboard;
			sourceTree = "<group>";
		};
/* End PBXVariantGroup section */

/* Begin XCBuildConfiguration section */
		F9082A5D1FB8583E00F1DC15 /* Debug */ = {
			isa = XCBuildConfiguration;
			baseConfigurationReference = C34A9305C1CE1DDF39535A54 /* Pods-Extension.debug.xcconfig */;
			buildSettings = {
				CODE_SIGN_IDENTITY = "iPhone Developer";
				CODE_SIGN_STYLE = Automatic;
				CURRENT_PROJECT_VERSION = 57;
				DEVELOPMENT_TEAM = WQY45CL427;
				INFOPLIST_FILE = Extension/Info.plist;
				IPHONEOS_DEPLOYMENT_TARGET = 11.1;
				LD_RUNPATH_SEARCH_PATHS = "$(inherited) @executable_path/Frameworks @executable_path/../../Frameworks";
				MARKETING_VERSION = 1.44;
				PRODUCT_BUNDLE_IDENTIFIER = com.qoli.dailyVerse.Extension;
				PRODUCT_NAME = "$(TARGET_NAME)";
				PROVISIONING_PROFILE_SPECIFIER = "";
				SKIP_INSTALL = YES;
				SWIFT_VERSION = 5.0;
				TARGETED_DEVICE_FAMILY = 1;
			};
			name = Debug;
		};
		F9082A5E1FB8583E00F1DC15 /* Release */ = {
			isa = XCBuildConfiguration;
			baseConfigurationReference = EB9EAEEC1B778E240E7305EE /* Pods-Extension.release.xcconfig */;
			buildSettings = {
				CODE_SIGN_IDENTITY = "iPhone Developer";
				CODE_SIGN_STYLE = Automatic;
				CURRENT_PROJECT_VERSION = 57;
				DEVELOPMENT_TEAM = WQY45CL427;
				INFOPLIST_FILE = Extension/Info.plist;
				IPHONEOS_DEPLOYMENT_TARGET = 11.1;
				LD_RUNPATH_SEARCH_PATHS = "$(inherited) @executable_path/Frameworks @executable_path/../../Frameworks";
				MARKETING_VERSION = 1.44;
				PRODUCT_BUNDLE_IDENTIFIER = com.qoli.dailyVerse.Extension;
				PRODUCT_NAME = "$(TARGET_NAME)";
				PROVISIONING_PROFILE_SPECIFIER = "";
				SKIP_INSTALL = YES;
				SWIFT_VERSION = 5.0;
				TARGETED_DEVICE_FAMILY = 1;
			};
			name = Release;
		};
		F9E45F821FB7A54B005DE498 /* Debug */ = {
			isa = XCBuildConfiguration;
			buildSettings = {
				ALWAYS_SEARCH_USER_PATHS = NO;
				CLANG_ANALYZER_LOCALIZABILITY_NONLOCALIZED = YES;
				CLANG_ANALYZER_NONNULL = YES;
				CLANG_ANALYZER_NUMBER_OBJECT_CONVERSION = YES_AGGRESSIVE;
				CLANG_CXX_LANGUAGE_STANDARD = "gnu++14";
				CLANG_CXX_LIBRARY = "libc++";
				CLANG_ENABLE_MODULES = YES;
				CLANG_ENABLE_OBJC_ARC = YES;
				CLANG_WARN_BLOCK_CAPTURE_AUTORELEASING = YES;
				CLANG_WARN_BOOL_CONVERSION = YES;
				CLANG_WARN_COMMA = YES;
				CLANG_WARN_CONSTANT_CONVERSION = YES;
				CLANG_WARN_DEPRECATED_OBJC_IMPLEMENTATIONS = YES;
				CLANG_WARN_DIRECT_OBJC_ISA_USAGE = YES_ERROR;
				CLANG_WARN_DOCUMENTATION_COMMENTS = YES;
				CLANG_WARN_EMPTY_BODY = YES;
				CLANG_WARN_ENUM_CONVERSION = YES;
				CLANG_WARN_INFINITE_RECURSION = YES;
				CLANG_WARN_INT_CONVERSION = YES;
				CLANG_WARN_NON_LITERAL_NULL_CONVERSION = YES;
				CLANG_WARN_OBJC_IMPLICIT_RETAIN_SELF = YES;
				CLANG_WARN_OBJC_LITERAL_CONVERSION = YES;
				CLANG_WARN_OBJC_ROOT_CLASS = YES_ERROR;
				CLANG_WARN_RANGE_LOOP_ANALYSIS = YES;
				CLANG_WARN_STRICT_PROTOTYPES = YES;
				CLANG_WARN_SUSPICIOUS_MOVE = YES;
				CLANG_WARN_UNGUARDED_AVAILABILITY = YES_AGGRESSIVE;
				CLANG_WARN_UNREACHABLE_CODE = YES;
				CLANG_WARN__DUPLICATE_METHOD_MATCH = YES;
				CODE_SIGN_IDENTITY = "iPhone Developer";
				COPY_PHASE_STRIP = NO;
				DEBUG_INFORMATION_FORMAT = dwarf;
				ENABLE_STRICT_OBJC_MSGSEND = YES;
				ENABLE_TESTABILITY = YES;
				GCC_C_LANGUAGE_STANDARD = gnu11;
				GCC_DYNAMIC_NO_PIC = NO;
				GCC_NO_COMMON_BLOCKS = YES;
				GCC_OPTIMIZATION_LEVEL = 0;
				GCC_PREPROCESSOR_DEFINITIONS = (
					"DEBUG=1",
					"$(inherited)",
				);
				GCC_WARN_64_TO_32_BIT_CONVERSION = YES;
				GCC_WARN_ABOUT_RETURN_TYPE = YES_ERROR;
				GCC_WARN_UNDECLARED_SELECTOR = YES;
				GCC_WARN_UNINITIALIZED_AUTOS = YES_AGGRESSIVE;
				GCC_WARN_UNUSED_FUNCTION = YES;
				GCC_WARN_UNUSED_VARIABLE = YES;
				IPHONEOS_DEPLOYMENT_TARGET = 11.1;
				MTL_ENABLE_DEBUG_INFO = YES;
				ONLY_ACTIVE_ARCH = YES;
				SDKROOT = iphoneos;
				SWIFT_ACTIVE_COMPILATION_CONDITIONS = DEBUG;
				SWIFT_OPTIMIZATION_LEVEL = "-Onone";
				SWIFT_VERSION = 5.0;
			};
			name = Debug;
		};
		F9E45F831FB7A54B005DE498 /* Release */ = {
			isa = XCBuildConfiguration;
			buildSettings = {
				ALWAYS_SEARCH_USER_PATHS = NO;
				CLANG_ANALYZER_LOCALIZABILITY_NONLOCALIZED = YES;
				CLANG_ANALYZER_NONNULL = YES;
				CLANG_ANALYZER_NUMBER_OBJECT_CONVERSION = YES_AGGRESSIVE;
				CLANG_CXX_LANGUAGE_STANDARD = "gnu++14";
				CLANG_CXX_LIBRARY = "libc++";
				CLANG_ENABLE_MODULES = YES;
				CLANG_ENABLE_OBJC_ARC = YES;
				CLANG_WARN_BLOCK_CAPTURE_AUTORELEASING = YES;
				CLANG_WARN_BOOL_CONVERSION = YES;
				CLANG_WARN_COMMA = YES;
				CLANG_WARN_CONSTANT_CONVERSION = YES;
				CLANG_WARN_DEPRECATED_OBJC_IMPLEMENTATIONS = YES;
				CLANG_WARN_DIRECT_OBJC_ISA_USAGE = YES_ERROR;
				CLANG_WARN_DOCUMENTATION_COMMENTS = YES;
				CLANG_WARN_EMPTY_BODY = YES;
				CLANG_WARN_ENUM_CONVERSION = YES;
				CLANG_WARN_INFINITE_RECURSION = YES;
				CLANG_WARN_INT_CONVERSION = YES;
				CLANG_WARN_NON_LITERAL_NULL_CONVERSION = YES;
				CLANG_WARN_OBJC_IMPLICIT_RETAIN_SELF = YES;
				CLANG_WARN_OBJC_LITERAL_CONVERSION = YES;
				CLANG_WARN_OBJC_ROOT_CLASS = YES_ERROR;
				CLANG_WARN_RANGE_LOOP_ANALYSIS = YES;
				CLANG_WARN_STRICT_PROTOTYPES = YES;
				CLANG_WARN_SUSPICIOUS_MOVE = YES;
				CLANG_WARN_UNGUARDED_AVAILABILITY = YES_AGGRESSIVE;
				CLANG_WARN_UNREACHABLE_CODE = YES;
				CLANG_WARN__DUPLICATE_METHOD_MATCH = YES;
				CODE_SIGN_IDENTITY = "iPhone Developer";
				COPY_PHASE_STRIP = NO;
				DEBUG_INFORMATION_FORMAT = "dwarf-with-dsym";
				ENABLE_NS_ASSERTIONS = NO;
				ENABLE_STRICT_OBJC_MSGSEND = YES;
				GCC_C_LANGUAGE_STANDARD = gnu11;
				GCC_NO_COMMON_BLOCKS = YES;
				GCC_WARN_64_TO_32_BIT_CONVERSION = YES;
				GCC_WARN_ABOUT_RETURN_TYPE = YES_ERROR;
				GCC_WARN_UNDECLARED_SELECTOR = YES;
				GCC_WARN_UNINITIALIZED_AUTOS = YES_AGGRESSIVE;
				GCC_WARN_UNUSED_FUNCTION = YES;
				GCC_WARN_UNUSED_VARIABLE = YES;
				IPHONEOS_DEPLOYMENT_TARGET = 11.1;
				MTL_ENABLE_DEBUG_INFO = NO;
				SDKROOT = iphoneos;
				SWIFT_OPTIMIZATION_LEVEL = "-Owholemodule";
				SWIFT_VERSION = 5.0;
				VALIDATE_PRODUCT = YES;
			};
			name = Release;
		};
		F9E45F851FB7A54B005DE498 /* Debug */ = {
			isa = XCBuildConfiguration;
			baseConfigurationReference = 5D478837BA7F98F6048327BF /* Pods-dailyVerse.debug.xcconfig */;
			buildSettings = {
				ALWAYS_EMBED_SWIFT_STANDARD_LIBRARIES = "$(inherited)";
				ASSETCATALOG_COMPILER_APPICON_NAME = AppIcon;
				CODE_SIGN_STYLE = Automatic;
				CURRENT_PROJECT_VERSION = 57;
				DEVELOPMENT_TEAM = WQY45CL427;
				INFOPLIST_FILE = dailyVerse/Info.plist;
				IPHONEOS_DEPLOYMENT_TARGET = 11.1;
				LD_RUNPATH_SEARCH_PATHS = "$(inherited) @executable_path/Frameworks";
				MARKETING_VERSION = 1.44;
				PRODUCT_BUNDLE_IDENTIFIER = com.qoli.dailyVerse;
				PRODUCT_NAME = "$(TARGET_NAME)";
				SWIFT_VERSION = 5.0;
				TARGETED_DEVICE_FAMILY = 1;
				VERSIONING_SYSTEM = "apple-generic";
			};
			name = Debug;
		};
		F9E45F861FB7A54B005DE498 /* Release */ = {
			isa = XCBuildConfiguration;
			baseConfigurationReference = 377CD6992081B9BC5FE0BB1E /* Pods-dailyVerse.release.xcconfig */;
			buildSettings = {
				ALWAYS_EMBED_SWIFT_STANDARD_LIBRARIES = "$(inherited)";
				ASSETCATALOG_COMPILER_APPICON_NAME = AppIcon;
				CODE_SIGN_STYLE = Automatic;
				CURRENT_PROJECT_VERSION = 57;
				DEVELOPMENT_TEAM = WQY45CL427;
				INFOPLIST_FILE = dailyVerse/Info.plist;
				IPHONEOS_DEPLOYMENT_TARGET = 11.1;
				LD_RUNPATH_SEARCH_PATHS = "$(inherited) @executable_path/Frameworks";
				MARKETING_VERSION = 1.44;
				PRODUCT_BUNDLE_IDENTIFIER = com.qoli.dailyVerse;
				PRODUCT_NAME = "$(TARGET_NAME)";
				SWIFT_VERSION = 5.0;
				TARGETED_DEVICE_FAMILY = 1;
				VERSIONING_SYSTEM = "apple-generic";
			};
			name = Release;
		};
/* End XCBuildConfiguration section */

/* Begin XCConfigurationList section */
		F9082A5F1FB8583E00F1DC15 /* Build configuration list for PBXNativeTarget "Extension" */ = {
			isa = XCConfigurationList;
			buildConfigurations = (
				F9082A5D1FB8583E00F1DC15 /* Debug */,
				F9082A5E1FB8583E00F1DC15 /* Release */,
			);
			defaultConfigurationIsVisible = 0;
			defaultConfigurationName = Release;
		};
		F9E45F6D1FB7A54B005DE498 /* Build configuration list for PBXProject "dailyVerse" */ = {
			isa = XCConfigurationList;
			buildConfigurations = (
				F9E45F821FB7A54B005DE498 /* Debug */,
				F9E45F831FB7A54B005DE498 /* Release */,
			);
			defaultConfigurationIsVisible = 0;
			defaultConfigurationName = Release;
		};
		F9E45F841FB7A54B005DE498 /* Build configuration list for PBXNativeTarget "dailyVerse" */ = {
			isa = XCConfigurationList;
			buildConfigurations = (
				F9E45F851FB7A54B005DE498 /* Debug */,
				F9E45F861FB7A54B005DE498 /* Release */,
			);
			defaultConfigurationIsVisible = 0;
			defaultConfigurationName = Release;
		};
/* End XCConfigurationList section */
	};
	rootObject = F9E45F6A1FB7A54B005DE498 /* Project object */;
}
