// !$*UTF8*$!
{
	archiveVersion = 1;
	classes = {
	};
	objectVersion = 48;
	objects = {

/* Begin PBXBuildFile section */
		D034372680A1842250D237AC /* Pods_dailyVerse.framework in Frameworks */ = {isa = PBXBuildFile; fileRef = 835843FD393E5A31F06BD0D1 /* Pods_dailyVerse.framework */; };
		F9E45F761FB7A54B005DE498 /* AppDelegate.swift in Sources */ = {isa = PBXBuildFile; fileRef = F9E45F751FB7A54B005DE498 /* AppDelegate.swift */; };
		F9E45F781FB7A54B005DE498 /* ViewController.swift in Sources */ = {isa = PBXBuildFile; fileRef = F9E45F771FB7A54B005DE498 /* ViewController.swift */; };
		F9E45F7B1FB7A54B005DE498 /* Main.storyboard in Resources */ = {isa = PBXBuildFile; fileRef = F9E45F791FB7A54B005DE498 /* Main.storyboard */; };
		F9E45F7D1FB7A54B005DE498 /* Assets.xcassets in Resources */ = {isa = PBXBuildFile; fileRef = F9E45F7C1FB7A54B005DE498 /* Assets.xcassets */; };
		F9E45F801FB7A54B005DE498 /* LaunchScreen.storyboard in Resources */ = {isa = PBXBuildFile; fileRef = F9E45F7E1FB7A54B005DE498 /* LaunchScreen.storyboard */; };
/* End PBXBuildFile section */

/* Begin PBXFileReference section */
		377CD6992081B9BC5FE0BB1E /* Pods-dailyVerse.release.xcconfig */ = {isa = PBXFileReference; includeInIndex = 1; lastKnownFileType = text.xcconfig; name = "Pods-dailyVerse.release.xcconfig"; path = "Pods/Target Support Files/Pods-dailyVerse/Pods-dailyVerse.release.xcconfig"; sourceTree = "<group>"; };
		5D478837BA7F98F6048327BF /* Pods-dailyVerse.debug.xcconfig */ = {isa = PBXFileReference; includeInIndex = 1; lastKnownFileType = text.xcconfig; name = "Pods-dailyVerse.debug.xcconfig"; path = "Pods/Target Support Files/Pods-dailyVerse/Pods-dailyVerse.debug.xcconfig"; sourceTree = "<group>"; };
		835843FD393E5A31F06BD0D1 /* Pods_dailyVerse.framework */ = {isa = PBXFileReference; explicitFileType = wrapper.framework; includeInIndex = 0; path = Pods_dailyVerse.framework; sourceTree = BUILT_PRODUCTS_DIR; };
		F9E45F721FB7A54B005DE498 /* dailyVerse.app */ = {isa = PBXFileReference; explicitFileType = wrapper.application; includeInIndex = 0; path = dailyVerse.app; sourceTree = BUILT_PRODUCTS_DIR; };
		F9E45F751FB7A54B005DE498 /* AppDelegate.swift */ = {isa = PBXFileReference; lastKnownFileType = sourcecode.swift; path = AppDelegate.swift; sourceTree = "<group>"; };
		F9E45F771FB7A54B005DE498 /* ViewController.swift */ = {isa = PBXFileReference; lastKnownFileType = sourcecode.swift; path = ViewController.swift; sourceTree = "<group>"; };
		F9E45F7A1FB7A54B005DE498 /* Base */ = {isa = PBXFileReference; lastKnownFileType = file.storyboard; name = Base; path = Base.lproj/Main.storyboard; sourceTree = "<group>"; };
		F9E45F7C1FB7A54B005DE498 /* Assets.xcassets */ = {isa = PBXFileReference; lastKnownFileType = folder.assetcatalog; path = Assets.xcassets; sourceTree = "<group>"; };
		F9E45F7F1FB7A54B005DE498 /* Base */ = {isa = PBXFileReference; lastKnownFileType = file.storyboard; name = Base; path = Base.lproj/LaunchScreen.storyboard; sourceTree = "<group>"; };
		F9E45F811FB7A54B005DE498 /* Info.plist */ = {isa = PBXFileReference; lastKnownFileType = text.plist.xml; path = Info.plist; sourceTree = "<group>"; };
		F9ED80B71FB80CCD00D8CC70 /* zh-Hans */ = {isa = PBXFileReference; lastKnownFileType = text.plist.strings; name = "zh-Hans"; path = "zh-Hans.lproj/Main.strings"; sourceTree = "<group>"; };
		F9ED80B81FB80CCD00D8CC70 /* zh-Hans */ = {isa = PBXFileReference; lastKnownFileType = text.plist.strings; name = "zh-Hans"; path = "zh-Hans.lproj/LaunchScreen.strings"; sourceTree = "<group>"; };
		F9ED80B91FB80CF700D8CC70 /* zh-Hant */ = {isa = PBXFileReference; lastKnownFileType = text.plist.strings; name = "zh-Hant"; path = "zh-Hant.lproj/Main.strings"; sourceTree = "<group>"; };
		F9ED80BA1FB80CF700D8CC70 /* zh-Hant */ = {isa = PBXFileReference; lastKnownFileType = text.plist.strings; name = "zh-Hant"; path = "zh-Hant.lproj/LaunchScreen.strings"; sourceTree = "<group>"; };
/* End PBXFileReference section */

/* Begin PBXFrameworksBuildPhase section */
		F9E45F6F1FB7A54B005DE498 /* Frameworks */ = {
			isa = PBXFrameworksBuildPhase;
			buildActionMask = 2147483647;
			files = (
				D034372680A1842250D237AC /* Pods_dailyVerse.framework in Frameworks */,
			);
			runOnlyForDeploymentPostprocessing = 0;
		};
/* End PBXFrameworksBuildPhase section */

/* Begin PBXGroup section */
		C53A089FC94CF999D15FF292 /* Frameworks */ = {
			isa = PBXGroup;
			children = (
				835843FD393E5A31F06BD0D1 /* Pods_dailyVerse.framework */,
			);
			name = Frameworks;
			sourceTree = "<group>";
		};
		C83A1E60645CC49034F6D5A8 /* Pods */ = {
			isa = PBXGroup;
			children = (
				5D478837BA7F98F6048327BF /* Pods-dailyVerse.debug.xcconfig */,
				377CD6992081B9BC5FE0BB1E /* Pods-dailyVerse.release.xcconfig */,
			);
			name = Pods;
			sourceTree = "<group>";
		};
		F9E45F691FB7A54B005DE498 = {
			isa = PBXGroup;
			children = (
				F9E45F741FB7A54B005DE498 /* dailyVerse */,
				F9E45F731FB7A54B005DE498 /* Products */,
				C83A1E60645CC49034F6D5A8 /* Pods */,
				C53A089FC94CF999D15FF292 /* Frameworks */,
			);
			sourceTree = "<group>";
		};
		F9E45F731FB7A54B005DE498 /* Products */ = {
			isa = PBXGroup;
			children = (
				F9E45F721FB7A54B005DE498 /* dailyVerse.app */,
			);
			name = Products;
			sourceTree = "<group>";
		};
		F9E45F741FB7A54B005DE498 /* dailyVerse */ = {
			isa = PBXGroup;
			children = (
				F9E45F751FB7A54B005DE498 /* AppDelegate.swift */,
				F9E45F771FB7A54B005DE498 /* ViewController.swift */,
				F9E45F791FB7A54B005DE498 /* Main.storyboard */,
				F9E45F7C1FB7A54B005DE498 /* Assets.xcassets */,
				F9E45F7E1FB7A54B005DE498 /* LaunchScreen.storyboard */,
				F9E45F811FB7A54B005DE498 /* Info.plist */,
			);
			path = dailyVerse;
			sourceTree = "<group>";
		};
/* End PBXGroup section */

/* Begin PBXNativeTarget section */
		F9E45F711FB7A54B005DE498 /* dailyVerse */ = {
			isa = PBXNativeTarget;
			buildConfigurationList = F9E45F841FB7A54B005DE498 /* Build configuration list for PBXNativeTarget "dailyVerse" */;
			buildPhases = (
				B0A5E98C7BCC313729E2DFB5 /* [CP] Check Pods Manifest.lock */,
				F9E45F6E1FB7A54B005DE498 /* Sources */,
				F9E45F6F1FB7A54B005DE498 /* Frameworks */,
				F9E45F701FB7A54B005DE498 /* Resources */,
				C8BF1C076227876CD84B2E74 /* [CP] Embed Pods Frameworks */,
				CAF9FFB56B7B6D5D3718FCE8 /* [CP] Copy Pods Resources */,
			);
			buildRules = (
			);
			dependencies = (
			);
			name = dailyVerse;
			productName = dailyVerse;
			productReference = F9E45F721FB7A54B005DE498 /* dailyVerse.app */;
			productType = "com.apple.product-type.application";
		};
/* End PBXNativeTarget section */

/* Begin PBXProject section */
		F9E45F6A1FB7A54B005DE498 /* Project object */ = {
			isa = PBXProject;
			attributes = {
				LastSwiftUpdateCheck = 0910;
				LastUpgradeCheck = 0910;
				ORGANIZATIONNAME = "庫倪";
				TargetAttributes = {
					F9E45F711FB7A54B005DE498 = {
						CreatedOnToolsVersion = 9.1;
						ProvisioningStyle = Automatic;
					};
				};
			};
			buildConfigurationList = F9E45F6D1FB7A54B005DE498 /* Build configuration list for PBXProject "dailyVerse" */;
			compatibilityVersion = "Xcode 8.0";
			developmentRegion = en;
			hasScannedForEncodings = 0;
			knownRegions = (
				en,
				Base,
			);
			mainGroup = F9E45F691FB7A54B005DE498;
			productRefGroup = F9E45F731FB7A54B005DE498 /* Products */;
			projectDirPath = "";
			projectRoot = "";
			targets = (
				F9E45F711FB7A54B005DE498 /* dailyVerse */,
			);
		};
/* End PBXProject section */

/* Begin PBXResourcesBuildPhase section */
		F9E45F701FB7A54B005DE498 /* Resources */ = {
			isa = PBXResourcesBuildPhase;
			buildActionMask = 2147483647;
			files = (
				F9E45F801FB7A54B005DE498 /* LaunchScreen.storyboard in Resources */,
				F9E45F7D1FB7A54B005DE498 /* Assets.xcassets in Resources */,
				F9E45F7B1FB7A54B005DE498 /* Main.storyboard in Resources */,
			);
			runOnlyForDeploymentPostprocessing = 0;
		};
/* End PBXResourcesBuildPhase section */

/* Begin PBXShellScriptBuildPhase section */
		B0A5E98C7BCC313729E2DFB5 /* [CP] Check Pods Manifest.lock */ = {
			isa = PBXShellScriptBuildPhase;
			buildActionMask = 2147483647;
			files = (
			);
			inputPaths = (
				"${PODS_PODFILE_DIR_PATH}/Podfile.lock",
				"${PODS_ROOT}/Manifest.lock",
			);
			name = "[CP] Check Pods Manifest.lock";
			outputPaths = (
				"$(DERIVED_FILE_DIR)/Pods-dailyVerse-checkManifestLockResult.txt",
			);
			runOnlyForDeploymentPostprocessing = 0;
			shellPath = /bin/sh;
			shellScript = "diff \"${PODS_PODFILE_DIR_PATH}/Podfile.lock\" \"${PODS_ROOT}/Manifest.lock\" > /dev/null\nif [ $? != 0 ] ; then\n    # print error to STDERR\n    echo \"error: The sandbox is not in sync with the Podfile.lock. Run 'pod install' or update your CocoaPods installation.\" >&2\n    exit 1\nfi\n# This output is used by Xcode 'outputs' to avoid re-running this script phase.\necho \"SUCCESS\" > \"${SCRIPT_OUTPUT_FILE_0}\"\n";
			showEnvVarsInLog = 0;
		};
		C8BF1C076227876CD84B2E74 /* [CP] Embed Pods Frameworks */ = {
			isa = PBXShellScriptBuildPhase;
			buildActionMask = 2147483647;
			files = (
			);
			inputPaths = (
				"${SRCROOT}/Pods/Target Support Files/Pods-dailyVerse/Pods-dailyVerse-frameworks.sh",
				"${BUILT_PRODUCTS_DIR}/Alamofire/Alamofire.framework",
				"${BUILT_PRODUCTS_DIR}/DynamicBlurView/DynamicBlurView.framework",
				"${BUILT_PRODUCTS_DIR}/MMMaterialDesignSpinner/MMMaterialDesignSpinner.framework",
				"${BUILT_PRODUCTS_DIR}/MarqueeLabel/MarqueeLabel.framework",
				"${BUILT_PRODUCTS_DIR}/NotificationBannerSwift/NotificationBannerSwift.framework",
				"${BUILT_PRODUCTS_DIR}/SnapKit/SnapKit.framework",
				"${BUILT_PRODUCTS_DIR}/Spring/Spring.framework",
				"${BUILT_PRODUCTS_DIR}/SwiftDate/SwiftDate.framework",
			);
			name = "[CP] Embed Pods Frameworks";
			outputPaths = (
				"${TARGET_BUILD_DIR}/${FRAMEWORKS_FOLDER_PATH}/Alamofire.framework",
				"${TARGET_BUILD_DIR}/${FRAMEWORKS_FOLDER_PATH}/DynamicBlurView.framework",
				"${TARGET_BUILD_DIR}/${FRAMEWORKS_FOLDER_PATH}/MMMaterialDesignSpinner.framework",
				"${TARGET_BUILD_DIR}/${FRAMEWORKS_FOLDER_PATH}/MarqueeLabel.framework",
				"${TARGET_BUILD_DIR}/${FRAMEWORKS_FOLDER_PATH}/NotificationBannerSwift.framework",
				"${TARGET_BUILD_DIR}/${FRAMEWORKS_FOLDER_PATH}/SnapKit.framework",
				"${TARGET_BUILD_DIR}/${FRAMEWORKS_FOLDER_PATH}/Spring.framework",
				"${TARGET_BUILD_DIR}/${FRAMEWORKS_FOLDER_PATH}/SwiftDate.framework",
			);
			runOnlyForDeploymentPostprocessing = 0;
			shellPath = /bin/sh;
			shellScript = "\"${SRCROOT}/Pods/Target Support Files/Pods-dailyVerse/Pods-dailyVerse-frameworks.sh\"\n";
			showEnvVarsInLog = 0;
		};
		CAF9FFB56B7B6D5D3718FCE8 /* [CP] Copy Pods Resources */ = {
			isa = PBXShellScriptBuildPhase;
			buildActionMask = 2147483647;
			files = (
			);
			inputPaths = (
			);
			name = "[CP] Copy Pods Resources";
			outputPaths = (
			);
			runOnlyForDeploymentPostprocessing = 0;
			shellPath = /bin/sh;
			shellScript = "\"${SRCROOT}/Pods/Target Support Files/Pods-dailyVerse/Pods-dailyVerse-resources.sh\"\n";
			showEnvVarsInLog = 0;
		};
/* End PBXShellScriptBuildPhase section */

/* Begin PBXSourcesBuildPhase section */
		F9E45F6E1FB7A54B005DE498 /* Sources */ = {
			isa = PBXSourcesBuildPhase;
			buildActionMask = 2147483647;
			files = (
				F9E45F781FB7A54B005DE498 /* ViewController.swift in Sources */,
				F9E45F761FB7A54B005DE498 /* AppDelegate.swift in Sources */,
			);
			runOnlyForDeploymentPostprocessing = 0;
		};
/* End PBXSourcesBuildPhase section */

/* Begin PBXVariantGroup section */
		F9E45F791FB7A54B005DE498 /* Main.storyboard */ = {
			isa = PBXVariantGroup;
			children = (
				F9E45F7A1FB7A54B005DE498 /* Base */,
				F9ED80B71FB80CCD00D8CC70 /* zh-Hans */,
				F9ED80B91FB80CF700D8CC70 /* zh-Hant */,
			);
			name = Main.storyboard;
			sourceTree = "<group>";
		};
		F9E45F7E1FB7A54B005DE498 /* LaunchScreen.storyboard */ = {
			isa = PBXVariantGroup;
			children = (
				F9E45F7F1FB7A54B005DE498 /* Base */,
				F9ED80B81FB80CCD00D8CC70 /* zh-Hans */,
				F9ED80BA1FB80CF700D8CC70 /* zh-Hant */,
			);
			name = LaunchScreen.storyboard;
			sourceTree = "<group>";
		};
/* End PBXVariantGroup section */

/* Begin XCBuildConfiguration section */
		F9E45F821FB7A54B005DE498 /* Debug */ = {
			isa = XCBuildConfiguration;
			buildSettings = {
				ALWAYS_SEARCH_USER_PATHS = NO;
				CLANG_ANALYZER_LOCALIZABILITY_NONLOCALIZED = YES;
				CLANG_ANALYZER_NONNULL = YES;
				CLANG_ANALYZER_NUMBER_OBJECT_CONVERSION = YES_AGGRESSIVE;
				CLANG_CXX_LANGUAGE_STANDARD = "gnu++14";
				CLANG_CXX_LIBRARY = "libc++";
				CLANG_ENABLE_MODULES = YES;
				CLANG_ENABLE_OBJC_ARC = YES;
				CLANG_WARN_BLOCK_CAPTURE_AUTORELEASING = YES;
				CLANG_WARN_BOOL_CONVERSION = YES;
				CLANG_WARN_COMMA = YES;
				CLANG_WARN_CONSTANT_CONVERSION = YES;
				CLANG_WARN_DIRECT_OBJC_ISA_USAGE = YES_ERROR;
				CLANG_WARN_DOCUMENTATION_COMMENTS = YES;
				CLANG_WARN_EMPTY_BODY = YES;
				CLANG_WARN_ENUM_CONVERSION = YES;
				CLANG_WARN_INFINITE_RECURSION = YES;
				CLANG_WARN_INT_CONVERSION = YES;
				CLANG_WARN_NON_LITERAL_NULL_CONVERSION = YES;
				CLANG_WARN_OBJC_LITERAL_CONVERSION = YES;
				CLANG_WARN_OBJC_ROOT_CLASS = YES_ERROR;
				CLANG_WARN_RANGE_LOOP_ANALYSIS = YES;
				CLANG_WARN_STRICT_PROTOTYPES = YES;
				CLANG_WARN_SUSPICIOUS_MOVE = YES;
				CLANG_WARN_UNGUARDED_AVAILABILITY = YES_AGGRESSIVE;
				CLANG_WARN_UNREACHABLE_CODE = YES;
				CLANG_WARN__DUPLICATE_METHOD_MATCH = YES;
				CODE_SIGN_IDENTITY = "iPhone Developer";
				COPY_PHASE_STRIP = NO;
				DEBUG_INFORMATION_FORMAT = dwarf;
				ENABLE_STRICT_OBJC_MSGSEND = YES;
				ENABLE_TESTABILITY = YES;
				GCC_C_LANGUAGE_STANDARD = gnu11;
				GCC_DYNAMIC_NO_PIC = NO;
				GCC_NO_COMMON_BLOCKS = YES;
				GCC_OPTIMIZATION_LEVEL = 0;
				GCC_PREPROCESSOR_DEFINITIONS = (
					"DEBUG=1",
					"$(inherited)",
				);
				GCC_WARN_64_TO_32_BIT_CONVERSION = YES;
				GCC_WARN_ABOUT_RETURN_TYPE = YES_ERROR;
				GCC_WARN_UNDECLARED_SELECTOR = YES;
				GCC_WARN_UNINITIALIZED_AUTOS = YES_AGGRESSIVE;
				GCC_WARN_UNUSED_FUNCTION = YES;
				GCC_WARN_UNUSED_VARIABLE = YES;
				IPHONEOS_DEPLOYMENT_TARGET = 11.0;
				MTL_ENABLE_DEBUG_INFO = YES;
				ONLY_ACTIVE_ARCH = YES;
				SDKROOT = iphoneos;
				SWIFT_ACTIVE_COMPILATION_CONDITIONS = DEBUG;
				SWIFT_OPTIMIZATION_LEVEL = "-Onone";
			};
			name = Debug;
		};
		F9E45F831FB7A54B005DE498 /* Release */ = {
			isa = XCBuildConfiguration;
			buildSettings = {
				ALWAYS_SEARCH_USER_PATHS = NO;
				CLANG_ANALYZER_LOCALIZABILITY_NONLOCALIZED = YES;
				CLANG_ANALYZER_NONNULL = YES;
				CLANG_ANALYZER_NUMBER_OBJECT_CONVERSION = YES_AGGRESSIVE;
				CLANG_CXX_LANGUAGE_STANDARD = "gnu++14";
				CLANG_CXX_LIBRARY = "libc++";
				CLANG_ENABLE_MODULES = YES;
				CLANG_ENABLE_OBJC_ARC = YES;
				CLANG_WARN_BLOCK_CAPTURE_AUTORELEASING = YES;
				CLANG_WARN_BOOL_CONVERSION = YES;
				CLANG_WARN_COMMA = YES;
				CLANG_WARN_CONSTANT_CONVERSION = YES;
				CLANG_WARN_DIRECT_OBJC_ISA_USAGE = YES_ERROR;
				CLANG_WARN_DOCUMENTATION_COMMENTS = YES;
				CLANG_WARN_EMPTY_BODY = YES;
				CLANG_WARN_ENUM_CONVERSION = YES;
				CLANG_WARN_INFINITE_RECURSION = YES;
				CLANG_WARN_INT_CONVERSION = YES;
				CLANG_WARN_NON_LITERAL_NULL_CONVERSION = YES;
				CLANG_WARN_OBJC_LITERAL_CONVERSION = YES;
				CLANG_WARN_OBJC_ROOT_CLASS = YES_ERROR;
				CLANG_WARN_RANGE_LOOP_ANALYSIS = YES;
				CLANG_WARN_STRICT_PROTOTYPES = YES;
				CLANG_WARN_SUSPICIOUS_MOVE = YES;
				CLANG_WARN_UNGUARDED_AVAILABILITY = YES_AGGRESSIVE;
				CLANG_WARN_UNREACHABLE_CODE = YES;
				CLANG_WARN__DUPLICATE_METHOD_MATCH = YES;
				CODE_SIGN_IDENTITY = "iPhone Developer";
				COPY_PHASE_STRIP = NO;
				DEBUG_INFORMATION_FORMAT = "dwarf-with-dsym";
				ENABLE_NS_ASSERTIONS = NO;
				ENABLE_STRICT_OBJC_MSGSEND = YES;
				GCC_C_LANGUAGE_STANDARD = gnu11;
				GCC_NO_COMMON_BLOCKS = YES;
				GCC_WARN_64_TO_32_BIT_CONVERSION = YES;
				GCC_WARN_ABOUT_RETURN_TYPE = YES_ERROR;
				GCC_WARN_UNDECLARED_SELECTOR = YES;
				GCC_WARN_UNINITIALIZED_AUTOS = YES_AGGRESSIVE;
				GCC_WARN_UNUSED_FUNCTION = YES;
				GCC_WARN_UNUSED_VARIABLE = YES;
				IPHONEOS_DEPLOYMENT_TARGET = 11.0;
				MTL_ENABLE_DEBUG_INFO = NO;
				SDKROOT = iphoneos;
				SWIFT_OPTIMIZATION_LEVEL = "-Owholemodule";
				VALIDATE_PRODUCT = YES;
			};
			name = Release;
		};
		F9E45F851FB7A54B005DE498 /* Debug */ = {
			isa = XCBuildConfiguration;
			baseConfigurationReference = 5D478837BA7F98F6048327BF /* Pods-dailyVerse.debug.xcconfig */;
			buildSettings = {
				ASSETCATALOG_COMPILER_APPICON_NAME = AppIcon;
				CODE_SIGN_STYLE = Automatic;
				DEVELOPMENT_TEAM = WQY45CL427;
				INFOPLIST_FILE = dailyVerse/Info.plist;
				IPHONEOS_DEPLOYMENT_TARGET = 11.0;
				LD_RUNPATH_SEARCH_PATHS = "$(inherited) @executable_path/Frameworks";
				PRODUCT_BUNDLE_IDENTIFIER = com.qoli.dailyVerse;
				PRODUCT_NAME = "$(TARGET_NAME)";
				SWIFT_VERSION = 4.0;
				TARGETED_DEVICE_FAMILY = 1;
			};
			name = Debug;
		};
		F9E45F861FB7A54B005DE498 /* Release */ = {
			isa = XCBuildConfiguration;
			baseConfigurationReference = 377CD6992081B9BC5FE0BB1E /* Pods-dailyVerse.release.xcconfig */;
			buildSettings = {
				ASSETCATALOG_COMPILER_APPICON_NAME = AppIcon;
				CODE_SIGN_STYLE = Automatic;
				DEVELOPMENT_TEAM = WQY45CL427;
				INFOPLIST_FILE = dailyVerse/Info.plist;
				IPHONEOS_DEPLOYMENT_TARGET = 11.0;
				LD_RUNPATH_SEARCH_PATHS = "$(inherited) @executable_path/Frameworks";
				PRODUCT_BUNDLE_IDENTIFIER = com.qoli.dailyVerse;
				PRODUCT_NAME = "$(TARGET_NAME)";
				SWIFT_VERSION = 4.0;
				TARGETED_DEVICE_FAMILY = 1;
			};
			name = Release;
		};
/* End XCBuildConfiguration section */

/* Begin XCConfigurationList section */
		F9E45F6D1FB7A54B005DE498 /* Build configuration list for PBXProject "dailyVerse" */ = {
			isa = XCConfigurationList;
			buildConfigurations = (
				F9E45F821FB7A54B005DE498 /* Debug */,
				F9E45F831FB7A54B005DE498 /* Release */,
			);
			defaultConfigurationIsVisible = 0;
			defaultConfigurationName = Release;
		};
		F9E45F841FB7A54B005DE498 /* Build configuration list for PBXNativeTarget "dailyVerse" */ = {
			isa = XCConfigurationList;
			buildConfigurations = (
				F9E45F851FB7A54B005DE498 /* Debug */,
				F9E45F861FB7A54B005DE498 /* Release */,
			);
			defaultConfigurationIsVisible = 0;
			defaultConfigurationName = Release;
		};
/* End XCConfigurationList section */
	};
	rootObject = F9E45F6A1FB7A54B005DE498 /* Project object */;
}
